// !$*UTF8*$!
{
	archiveVersion = 1;
	classes = {
	};
	objectVersion = 46;
	objects = {

/* Begin PBXBuildFile section */
		CB0A43261BEA648E00AAC5E0 /* Reveal.framework in Frameworks */ = {isa = PBXBuildFile; fileRef = CB0A43251BEA648E00AAC5E0 /* Reveal.framework */; };
		CB0A432A1BEA7C6900AAC5E0 /* KxMenu.m in Sources */ = {isa = PBXBuildFile; fileRef = CB0A43291BEA7C6900AAC5E0 /* KxMenu.m */; };
		CB0A432C1BEA7FE600AAC5E0 /* UIKit.framework in Frameworks */ = {isa = PBXBuildFile; fileRef = CB0A432B1BEA7FE600AAC5E0 /* UIKit.framework */; };
		CB0A432E1BEA809A00AAC5E0 /* QuartzCore.framework in Frameworks */ = {isa = PBXBuildFile; fileRef = CB0A432D1BEA809A00AAC5E0 /* QuartzCore.framework */; };
		CB0A435C1BEA84A500AAC5E0 /* MJRefreshAutoFooter.m in Sources */ = {isa = PBXBuildFile; fileRef = CB0A43321BEA84A500AAC5E0 /* MJRefreshAutoFooter.m */; };
		CB0A435D1BEA84A500AAC5E0 /* MJRefreshBackFooter.m in Sources */ = {isa = PBXBuildFile; fileRef = CB0A43341BEA84A500AAC5E0 /* MJRefreshBackFooter.m */; };
		CB0A435E1BEA84A500AAC5E0 /* MJRefreshComponent.m in Sources */ = {isa = PBXBuildFile; fileRef = CB0A43361BEA84A500AAC5E0 /* MJRefreshComponent.m */; };
		CB0A435F1BEA84A500AAC5E0 /* MJRefreshFooter.m in Sources */ = {isa = PBXBuildFile; fileRef = CB0A43381BEA84A500AAC5E0 /* MJRefreshFooter.m */; };
		CB0A43601BEA84A500AAC5E0 /* MJRefreshHeader.m in Sources */ = {isa = PBXBuildFile; fileRef = CB0A433A1BEA84A500AAC5E0 /* MJRefreshHeader.m */; };
		CB0A43611BEA84A500AAC5E0 /* MJRefreshAutoGifFooter.m in Sources */ = {isa = PBXBuildFile; fileRef = CB0A433F1BEA84A500AAC5E0 /* MJRefreshAutoGifFooter.m */; };
		CB0A43621BEA84A500AAC5E0 /* MJRefreshAutoNormalFooter.m in Sources */ = {isa = PBXBuildFile; fileRef = CB0A43411BEA84A500AAC5E0 /* MJRefreshAutoNormalFooter.m */; };
		CB0A43631BEA84A500AAC5E0 /* MJRefreshAutoStateFooter.m in Sources */ = {isa = PBXBuildFile; fileRef = CB0A43431BEA84A500AAC5E0 /* MJRefreshAutoStateFooter.m */; };
		CB0A43641BEA84A500AAC5E0 /* MJRefreshBackGifFooter.m in Sources */ = {isa = PBXBuildFile; fileRef = CB0A43461BEA84A500AAC5E0 /* MJRefreshBackGifFooter.m */; };
		CB0A43651BEA84A500AAC5E0 /* MJRefreshBackNormalFooter.m in Sources */ = {isa = PBXBuildFile; fileRef = CB0A43481BEA84A500AAC5E0 /* MJRefreshBackNormalFooter.m */; };
		CB0A43661BEA84A500AAC5E0 /* MJRefreshBackStateFooter.m in Sources */ = {isa = PBXBuildFile; fileRef = CB0A434A1BEA84A500AAC5E0 /* MJRefreshBackStateFooter.m */; };
		CB0A43671BEA84A500AAC5E0 /* MJRefreshGifHeader.m in Sources */ = {isa = PBXBuildFile; fileRef = CB0A434D1BEA84A500AAC5E0 /* MJRefreshGifHeader.m */; };
		CB0A43681BEA84A500AAC5E0 /* MJRefreshNormalHeader.m in Sources */ = {isa = PBXBuildFile; fileRef = CB0A434F1BEA84A500AAC5E0 /* MJRefreshNormalHeader.m */; };
		CB0A43691BEA84A500AAC5E0 /* MJRefreshStateHeader.m in Sources */ = {isa = PBXBuildFile; fileRef = CB0A43511BEA84A500AAC5E0 /* MJRefreshStateHeader.m */; };
		CB0A436A1BEA84A500AAC5E0 /* MJRefresh.bundle in Resources */ = {isa = PBXBuildFile; fileRef = CB0A43521BEA84A500AAC5E0 /* MJRefresh.bundle */; };
		CB0A436B1BEA84A500AAC5E0 /* MJRefreshConst.m in Sources */ = {isa = PBXBuildFile; fileRef = CB0A43551BEA84A500AAC5E0 /* MJRefreshConst.m */; };
		CB0A436C1BEA84A500AAC5E0 /* UIScrollView+MJExtension.m in Sources */ = {isa = PBXBuildFile; fileRef = CB0A43571BEA84A500AAC5E0 /* UIScrollView+MJExtension.m */; };
		CB0A436D1BEA84A500AAC5E0 /* UIScrollView+MJRefresh.m in Sources */ = {isa = PBXBuildFile; fileRef = CB0A43591BEA84A500AAC5E0 /* UIScrollView+MJRefresh.m */; };
		CB0A436E1BEA84A500AAC5E0 /* UIView+MJExtension.m in Sources */ = {isa = PBXBuildFile; fileRef = CB0A435B1BEA84A500AAC5E0 /* UIView+MJExtension.m */; };
		CB0A43731BEC941500AAC5E0 /* LZMPublishViewController.m in Sources */ = {isa = PBXBuildFile; fileRef = CB0A43721BEC941500AAC5E0 /* LZMPublishViewController.m */; };
		CB0A43761BEC9DA600AAC5E0 /* LZMMainTabBarController.m in Sources */ = {isa = PBXBuildFile; fileRef = CB0A43751BEC9DA600AAC5E0 /* LZMMainTabBarController.m */; };
		CB0A437E1BED306D00AAC5E0 /* CYLTabBar.m in Sources */ = {isa = PBXBuildFile; fileRef = CB0A43791BED306D00AAC5E0 /* CYLTabBar.m */; };
		CB0A437F1BED306D00AAC5E0 /* CYLTabBarController.m in Sources */ = {isa = PBXBuildFile; fileRef = CB0A437B1BED306D00AAC5E0 /* CYLTabBarController.m */; };
		CB0A43801BED306D00AAC5E0 /* CYLPlusButton.m in Sources */ = {isa = PBXBuildFile; fileRef = CB0A437D1BED306D00AAC5E0 /* CYLPlusButton.m */; };
		CB0A43831BED30ED00AAC5E0 /* LZMPublishButton.m in Sources */ = {isa = PBXBuildFile; fileRef = CB0A43821BED30ED00AAC5E0 /* LZMPublishButton.m */; };
		CB13FB301BEEF340005FFC94 /* LZMPublishCell.m in Sources */ = {isa = PBXBuildFile; fileRef = CB13FB2E1BEEF340005FFC94 /* LZMPublishCell.m */; };
		CB13FB311BEEF340005FFC94 /* LZMPublishCell.xib in Resources */ = {isa = PBXBuildFile; fileRef = CB13FB2F1BEEF340005FFC94 /* LZMPublishCell.xib */; };
		CB13FB351BEF34ED005FFC94 /* LZMPublishModel.m in Sources */ = {isa = PBXBuildFile; fileRef = CB13FB341BEF34ED005FFC94 /* LZMPublishModel.m */; };
		CB13FB381BEF3520005FFC94 /* LZMPublishParser.m in Sources */ = {isa = PBXBuildFile; fileRef = CB13FB371BEF3520005FFC94 /* LZMPublishParser.m */; };
		CB13FB3B1BEF9F29005FFC94 /* LZMLocationModel.m in Sources */ = {isa = PBXBuildFile; fileRef = CB13FB3A1BEF9F29005FFC94 /* LZMLocationModel.m */; };
		CB13FB3E1BEF9FCE005FFC94 /* LZMLocationParser.m in Sources */ = {isa = PBXBuildFile; fileRef = CB13FB3D1BEF9FCE005FFC94 /* LZMLocationParser.m */; };
		CB13FB401BEFB7CD005FFC94 /* LZMViewDetail.storyboard in Resources */ = {isa = PBXBuildFile; fileRef = CB13FB3F1BEFB7CD005FFC94 /* LZMViewDetail.storyboard */; };
		CB13FB441BEFB86A005FFC94 /* LZMViewDetailController.m in Sources */ = {isa = PBXBuildFile; fileRef = CB13FB431BEFB86A005FFC94 /* LZMViewDetailController.m */; };
		CB13FB481BEFC4BE005FFC94 /* LZMDetailViewRequest.m in Sources */ = {isa = PBXBuildFile; fileRef = CB13FB471BEFC4BE005FFC94 /* LZMDetailViewRequest.m */; };
		CB13FB4C1BEFD36E005FFC94 /* LZMCommentModel.m in Sources */ = {isa = PBXBuildFile; fileRef = CB13FB4B1BEFD36E005FFC94 /* LZMCommentModel.m */; };
		CB13FB4F1BEFD571005FFC94 /* UIColor+LZMAddColor.m in Sources */ = {isa = PBXBuildFile; fileRef = CB13FB4E1BEFD571005FFC94 /* UIColor+LZMAddColor.m */; };
		CB13FB521BEFD957005FFC94 /* LZMCommenCell.m in Sources */ = {isa = PBXBuildFile; fileRef = CB13FB511BEFD957005FFC94 /* LZMCommenCell.m */; };
		CBD6FD4E1BE8589B006A0E65 /* LZIOSPro_MoranTests.m in Sources */ = {isa = PBXBuildFile; fileRef = CBD6FD4D1BE8589B006A0E65 /* LZIOSPro_MoranTests.m */; };
		CBD6FD751BE85B48006A0E65 /* AppDelegate.m in Sources */ = {isa = PBXBuildFile; fileRef = CBD6FD591BE85B48006A0E65 /* AppDelegate.m */; };
		CBD6FD761BE85B48006A0E65 /* Images.xcassets in Resources */ = {isa = PBXBuildFile; fileRef = CBD6FD6B1BE85B48006A0E65 /* Images.xcassets */; };
		CBD6FD771BE85B48006A0E65 /* LaunchScreen.xib in Resources */ = {isa = PBXBuildFile; fileRef = CBD6FD6C1BE85B48006A0E65 /* LaunchScreen.xib */; };
		CBD6FD7A1BE85B48006A0E65 /* main.m in Sources */ = {isa = PBXBuildFile; fileRef = CBD6FD701BE85B48006A0E65 /* main.m */; };
		CBD6FD7E1BE85BFD006A0E65 /* LZMLoginViewControllers.m in Sources */ = {isa = PBXBuildFile; fileRef = CBD6FD7D1BE85BFD006A0E65 /* LZMLoginViewControllers.m */; };
		CBD6FD811BE85C1F006A0E65 /* LZMMyViewController.m in Sources */ = {isa = PBXBuildFile; fileRef = CBD6FD801BE85C1F006A0E65 /* LZMMyViewController.m */; };
		CBD6FD871BE85CDB006A0E65 /* LZMLoginAndRegister.storyboard in Resources */ = {isa = PBXBuildFile; fileRef = CBD6FD861BE85CDB006A0E65 /* LZMLoginAndRegister.storyboard */; };
		CBD6FD891BE85CF3006A0E65 /* LZMSquare.storyboard in Resources */ = {isa = PBXBuildFile; fileRef = CBD6FD881BE85CF3006A0E65 /* LZMSquare.storyboard */; };
		CBD6FD8B1BE85D01006A0E65 /* LZMPublish.storyboard in Resources */ = {isa = PBXBuildFile; fileRef = CBD6FD8A1BE85D01006A0E65 /* LZMPublish.storyboard */; };
		CBD6FD911BE85D4F006A0E65 /* LZMPictureModel.m in Sources */ = {isa = PBXBuildFile; fileRef = CBD6FD901BE85D4F006A0E65 /* LZMPictureModel.m */; };
		CBD6FD941BE85D60006A0E65 /* LZMSquareModel.m in Sources */ = {isa = PBXBuildFile; fileRef = CBD6FD931BE85D60006A0E65 /* LZMSquareModel.m */; };
		CBD6FD971BE85D70006A0E65 /* LZMUserModel.m in Sources */ = {isa = PBXBuildFile; fileRef = CBD6FD961BE85D70006A0E65 /* LZMUserModel.m */; };
		CBD6FD9A1BE85D9E006A0E65 /* LZMLoginRequest.m in Sources */ = {isa = PBXBuildFile; fileRef = CBD6FD991BE85D9E006A0E65 /* LZMLoginRequest.m */; };
		CBD6FD9D1BE85DBA006A0E65 /* LZMRegisterRequest.m in Sources */ = {isa = PBXBuildFile; fileRef = CBD6FD9C1BE85DBA006A0E65 /* LZMRegisterRequest.m */; };
		CBD6FDA01BE85DCB006A0E65 /* LZMPublishRequest.m in Sources */ = {isa = PBXBuildFile; fileRef = CBD6FD9F1BE85DCB006A0E65 /* LZMPublishRequest.m */; };
		CBD6FDA61BE85E0F006A0E65 /* LZMLoginRequestParser.m in Sources */ = {isa = PBXBuildFile; fileRef = CBD6FDA51BE85E0F006A0E65 /* LZMLoginRequestParser.m */; };
		CBD6FDA91BE85E2A006A0E65 /* LZMRegisterRequestParser.m in Sources */ = {isa = PBXBuildFile; fileRef = CBD6FDA81BE85E2A006A0E65 /* LZMRegisterRequestParser.m */; };
		CBD6FDAF1BE861EA006A0E65 /* Main.xcassets in Resources */ = {isa = PBXBuildFile; fileRef = CBD6FDAE1BE861EA006A0E65 /* Main.xcassets */; };
		CBD6FDB11BE86ED3006A0E65 /* Info.plist in Resources */ = {isa = PBXBuildFile; fileRef = CBD6FDB01BE86ED3006A0E65 /* Info.plist */; };
		CBD6FDC61BE873A3006A0E65 /* MBProgressHUD.m in Sources */ = {isa = PBXBuildFile; fileRef = CBD6FDC51BE873A3006A0E65 /* MBProgressHUD.m */; };
		CBD6FDC91BE87C47006A0E65 /* BLMultipartForm.m in Sources */ = {isa = PBXBuildFile; fileRef = CBD6FDC81BE87C47006A0E65 /* BLMultipartForm.m */; };
		CBD6FDCC1BE8861A006A0E65 /* LZMRegisterViewController.m in Sources */ = {isa = PBXBuildFile; fileRef = CBD6FDCB1BE8861A006A0E65 /* LZMRegisterViewController.m */; };
		CBD6FDCE1BE8DD43006A0E65 /* LZMMy.storyboard in Resources */ = {isa = PBXBuildFile; fileRef = CBD6FDCD1BE8DD43006A0E65 /* LZMMy.storyboard */; };
		CBD6FDD21BE8E3CE006A0E65 /* LZMGlobal.m in Sources */ = {isa = PBXBuildFile; fileRef = CBD6FDD11BE8E3CE006A0E65 /* LZMGlobal.m */; };
		CBD6FDD71BE909CC006A0E65 /* LZMNickNameViewController.m in Sources */ = {isa = PBXBuildFile; fileRef = CBD6FDD61BE909CC006A0E65 /* LZMNickNameViewController.m */; };
		CBD6FDDA1BE909E2006A0E65 /* LZMHeadImageViewController.m in Sources */ = {isa = PBXBuildFile; fileRef = CBD6FDD91BE909E2006A0E65 /* LZMHeadImageViewController.m */; };
		CBD6FDDD1BE9134C006A0E65 /* LZMHeadimageRequest.m in Sources */ = {isa = PBXBuildFile; fileRef = CBD6FDDC1BE9134C006A0E65 /* LZMHeadimageRequest.m */; };
		CBD6FDE11BE91D7E006A0E65 /* LZMReNameRequest.m in Sources */ = {isa = PBXBuildFile; fileRef = CBD6FDE01BE91D7E006A0E65 /* LZMReNameRequest.m */; };
		CBD6FDE41BE9296F006A0E65 /* LZMFollowAndHomeViewController.m in Sources */ = {isa = PBXBuildFile; fileRef = CBD6FDE31BE9296F006A0E65 /* LZMFollowAndHomeViewController.m */; };
		CBD6FDE71BE92F1D006A0E65 /* LZMChangeImageRequest.m in Sources */ = {isa = PBXBuildFile; fileRef = CBD6FDE61BE92F1D006A0E65 /* LZMChangeImageRequest.m */; };
		CBD6FDEB1BE98400006A0E65 /* LZMSquareController.m in Sources */ = {isa = PBXBuildFile; fileRef = CBD6FDEA1BE98400006A0E65 /* LZMSquareController.m */; };
		CBD6FDEE1BE984A7006A0E65 /* LZMSquareCell.m in Sources */ = {isa = PBXBuildFile; fileRef = CBD6FDED1BE984A7006A0E65 /* LZMSquareCell.m */; };
		CBD6FDF11BE984DA006A0E65 /* LZMSquareCollectionCell.m in Sources */ = {isa = PBXBuildFile; fileRef = CBD6FDF01BE984DA006A0E65 /* LZMSquareCollectionCell.m */; };
		CBD6FDF51BE986F1006A0E65 /* LZMSquareRequest.m in Sources */ = {isa = PBXBuildFile; fileRef = CBD6FDF41BE986F1006A0E65 /* LZMSquareRequest.m */; };
		CBD6FDF81BE99307006A0E65 /* LZMSquareRequestParser.m in Sources */ = {isa = PBXBuildFile; fileRef = CBD6FDF71BE99307006A0E65 /* LZMSquareRequestParser.m */; };
		CBD6FE1B1BE9A3B8006A0E65 /* MKAnnotationView+WebCache.m in Sources */ = {isa = PBXBuildFile; fileRef = CBD6FDFB1BE9A3B8006A0E65 /* MKAnnotationView+WebCache.m */; };
		CBD6FE1C1BE9A3B8006A0E65 /* NSData+ImageContentType.m in Sources */ = {isa = PBXBuildFile; fileRef = CBD6FDFD1BE9A3B8006A0E65 /* NSData+ImageContentType.m */; };
		CBD6FE1D1BE9A3B8006A0E65 /* SDImageCache.m in Sources */ = {isa = PBXBuildFile; fileRef = CBD6FDFF1BE9A3B8006A0E65 /* SDImageCache.m */; };
		CBD6FE1E1BE9A3B8006A0E65 /* SDWebImageCompat.m in Sources */ = {isa = PBXBuildFile; fileRef = CBD6FE011BE9A3B8006A0E65 /* SDWebImageCompat.m */; };
		CBD6FE1F1BE9A3B8006A0E65 /* SDWebImageDecoder.m in Sources */ = {isa = PBXBuildFile; fileRef = CBD6FE031BE9A3B8006A0E65 /* SDWebImageDecoder.m */; };
		CBD6FE201BE9A3B8006A0E65 /* SDWebImageDownloader.m in Sources */ = {isa = PBXBuildFile; fileRef = CBD6FE051BE9A3B8006A0E65 /* SDWebImageDownloader.m */; };
		CBD6FE211BE9A3B8006A0E65 /* SDWebImageDownloaderOperation.m in Sources */ = {isa = PBXBuildFile; fileRef = CBD6FE071BE9A3B8006A0E65 /* SDWebImageDownloaderOperation.m */; };
		CBD6FE221BE9A3B8006A0E65 /* SDWebImageManager.m in Sources */ = {isa = PBXBuildFile; fileRef = CBD6FE091BE9A3B8006A0E65 /* SDWebImageManager.m */; };
		CBD6FE231BE9A3B8006A0E65 /* SDWebImagePrefetcher.m in Sources */ = {isa = PBXBuildFile; fileRef = CBD6FE0C1BE9A3B8006A0E65 /* SDWebImagePrefetcher.m */; };
		CBD6FE241BE9A3B8006A0E65 /* UIButton+WebCache.m in Sources */ = {isa = PBXBuildFile; fileRef = CBD6FE0E1BE9A3B8006A0E65 /* UIButton+WebCache.m */; };
		CBD6FE251BE9A3B8006A0E65 /* UIImage+GIF.m in Sources */ = {isa = PBXBuildFile; fileRef = CBD6FE101BE9A3B8006A0E65 /* UIImage+GIF.m */; };
		CBD6FE261BE9A3B8006A0E65 /* UIImage+MultiFormat.m in Sources */ = {isa = PBXBuildFile; fileRef = CBD6FE121BE9A3B8006A0E65 /* UIImage+MultiFormat.m */; };
		CBD6FE271BE9A3B8006A0E65 /* UIImage+WebP.m in Sources */ = {isa = PBXBuildFile; fileRef = CBD6FE141BE9A3B8006A0E65 /* UIImage+WebP.m */; };
		CBD6FE281BE9A3B8006A0E65 /* UIImageView+HighlightedWebCache.m in Sources */ = {isa = PBXBuildFile; fileRef = CBD6FE161BE9A3B8006A0E65 /* UIImageView+HighlightedWebCache.m */; };
		CBD6FE291BE9A3B8006A0E65 /* UIImageView+WebCache.m in Sources */ = {isa = PBXBuildFile; fileRef = CBD6FE181BE9A3B8006A0E65 /* UIImageView+WebCache.m */; };
		CBD6FE2A1BE9A3B8006A0E65 /* UIView+WebCacheOperation.m in Sources */ = {isa = PBXBuildFile; fileRef = CBD6FE1A1BE9A3B8006A0E65 /* UIView+WebCacheOperation.m */; };
/* End PBXBuildFile section */

/* Begin PBXContainerItemProxy section */
		CBD6FD481BE8589B006A0E65 /* PBXContainerItemProxy */ = {
			isa = PBXContainerItemProxy;
			containerPortal = CBD6FD261BE8589B006A0E65 /* Project object */;
			proxyType = 1;
			remoteGlobalIDString = CBD6FD2D1BE8589B006A0E65;
			remoteInfo = LZIOSPro_Moran;
		};
/* End PBXContainerItemProxy section */

/* Begin PBXFileReference section */
		CB0A43251BEA648E00AAC5E0 /* Reveal.framework */ = {isa = PBXFileReference; lastKnownFileType = wrapper.framework; path = Reveal.framework; sourceTree = "<group>"; };
		CB0A43281BEA7C6900AAC5E0 /* KxMenu.h */ = {isa = PBXFileReference; fileEncoding = 4; lastKnownFileType = sourcecode.c.h; path = KxMenu.h; sourceTree = "<group>"; };
		CB0A43291BEA7C6900AAC5E0 /* KxMenu.m */ = {isa = PBXFileReference; fileEncoding = 4; lastKnownFileType = sourcecode.c.objc; path = KxMenu.m; sourceTree = "<group>"; };
		CB0A432B1BEA7FE600AAC5E0 /* UIKit.framework */ = {isa = PBXFileReference; lastKnownFileType = wrapper.framework; name = UIKit.framework; path = System/Library/Frameworks/UIKit.framework; sourceTree = SDKROOT; };
		CB0A432D1BEA809A00AAC5E0 /* QuartzCore.framework */ = {isa = PBXFileReference; lastKnownFileType = wrapper.framework; name = QuartzCore.framework; path = System/Library/Frameworks/QuartzCore.framework; sourceTree = SDKROOT; };
		CB0A43311BEA84A500AAC5E0 /* MJRefreshAutoFooter.h */ = {isa = PBXFileReference; fileEncoding = 4; lastKnownFileType = sourcecode.c.h; path = MJRefreshAutoFooter.h; sourceTree = "<group>"; };
		CB0A43321BEA84A500AAC5E0 /* MJRefreshAutoFooter.m */ = {isa = PBXFileReference; fileEncoding = 4; lastKnownFileType = sourcecode.c.objc; path = MJRefreshAutoFooter.m; sourceTree = "<group>"; };
		CB0A43331BEA84A500AAC5E0 /* MJRefreshBackFooter.h */ = {isa = PBXFileReference; fileEncoding = 4; lastKnownFileType = sourcecode.c.h; path = MJRefreshBackFooter.h; sourceTree = "<group>"; };
		CB0A43341BEA84A500AAC5E0 /* MJRefreshBackFooter.m */ = {isa = PBXFileReference; fileEncoding = 4; lastKnownFileType = sourcecode.c.objc; path = MJRefreshBackFooter.m; sourceTree = "<group>"; };
		CB0A43351BEA84A500AAC5E0 /* MJRefreshComponent.h */ = {isa = PBXFileReference; fileEncoding = 4; lastKnownFileType = sourcecode.c.h; path = MJRefreshComponent.h; sourceTree = "<group>"; };
		CB0A43361BEA84A500AAC5E0 /* MJRefreshComponent.m */ = {isa = PBXFileReference; fileEncoding = 4; lastKnownFileType = sourcecode.c.objc; path = MJRefreshComponent.m; sourceTree = "<group>"; };
		CB0A43371BEA84A500AAC5E0 /* MJRefreshFooter.h */ = {isa = PBXFileReference; fileEncoding = 4; lastKnownFileType = sourcecode.c.h; path = MJRefreshFooter.h; sourceTree = "<group>"; };
		CB0A43381BEA84A500AAC5E0 /* MJRefreshFooter.m */ = {isa = PBXFileReference; fileEncoding = 4; lastKnownFileType = sourcecode.c.objc; path = MJRefreshFooter.m; sourceTree = "<group>"; };
		CB0A43391BEA84A500AAC5E0 /* MJRefreshHeader.h */ = {isa = PBXFileReference; fileEncoding = 4; lastKnownFileType = sourcecode.c.h; path = MJRefreshHeader.h; sourceTree = "<group>"; };
		CB0A433A1BEA84A500AAC5E0 /* MJRefreshHeader.m */ = {isa = PBXFileReference; fileEncoding = 4; lastKnownFileType = sourcecode.c.objc; path = MJRefreshHeader.m; sourceTree = "<group>"; };
		CB0A433E1BEA84A500AAC5E0 /* MJRefreshAutoGifFooter.h */ = {isa = PBXFileReference; fileEncoding = 4; lastKnownFileType = sourcecode.c.h; path = MJRefreshAutoGifFooter.h; sourceTree = "<group>"; };
		CB0A433F1BEA84A500AAC5E0 /* MJRefreshAutoGifFooter.m */ = {isa = PBXFileReference; fileEncoding = 4; lastKnownFileType = sourcecode.c.objc; path = MJRefreshAutoGifFooter.m; sourceTree = "<group>"; };
		CB0A43401BEA84A500AAC5E0 /* MJRefreshAutoNormalFooter.h */ = {isa = PBXFileReference; fileEncoding = 4; lastKnownFileType = sourcecode.c.h; path = MJRefreshAutoNormalFooter.h; sourceTree = "<group>"; };
		CB0A43411BEA84A500AAC5E0 /* MJRefreshAutoNormalFooter.m */ = {isa = PBXFileReference; fileEncoding = 4; lastKnownFileType = sourcecode.c.objc; path = MJRefreshAutoNormalFooter.m; sourceTree = "<group>"; };
		CB0A43421BEA84A500AAC5E0 /* MJRefreshAutoStateFooter.h */ = {isa = PBXFileReference; fileEncoding = 4; lastKnownFileType = sourcecode.c.h; path = MJRefreshAutoStateFooter.h; sourceTree = "<group>"; };
		CB0A43431BEA84A500AAC5E0 /* MJRefreshAutoStateFooter.m */ = {isa = PBXFileReference; fileEncoding = 4; lastKnownFileType = sourcecode.c.objc; path = MJRefreshAutoStateFooter.m; sourceTree = "<group>"; };
		CB0A43451BEA84A500AAC5E0 /* MJRefreshBackGifFooter.h */ = {isa = PBXFileReference; fileEncoding = 4; lastKnownFileType = sourcecode.c.h; path = MJRefreshBackGifFooter.h; sourceTree = "<group>"; };
		CB0A43461BEA84A500AAC5E0 /* MJRefreshBackGifFooter.m */ = {isa = PBXFileReference; fileEncoding = 4; lastKnownFileType = sourcecode.c.objc; path = MJRefreshBackGifFooter.m; sourceTree = "<group>"; };
		CB0A43471BEA84A500AAC5E0 /* MJRefreshBackNormalFooter.h */ = {isa = PBXFileReference; fileEncoding = 4; lastKnownFileType = sourcecode.c.h; path = MJRefreshBackNormalFooter.h; sourceTree = "<group>"; };
		CB0A43481BEA84A500AAC5E0 /* MJRefreshBackNormalFooter.m */ = {isa = PBXFileReference; fileEncoding = 4; lastKnownFileType = sourcecode.c.objc; path = MJRefreshBackNormalFooter.m; sourceTree = "<group>"; };
		CB0A43491BEA84A500AAC5E0 /* MJRefreshBackStateFooter.h */ = {isa = PBXFileReference; fileEncoding = 4; lastKnownFileType = sourcecode.c.h; path = MJRefreshBackStateFooter.h; sourceTree = "<group>"; };
		CB0A434A1BEA84A500AAC5E0 /* MJRefreshBackStateFooter.m */ = {isa = PBXFileReference; fileEncoding = 4; lastKnownFileType = sourcecode.c.objc; path = MJRefreshBackStateFooter.m; sourceTree = "<group>"; };
		CB0A434C1BEA84A500AAC5E0 /* MJRefreshGifHeader.h */ = {isa = PBXFileReference; fileEncoding = 4; lastKnownFileType = sourcecode.c.h; path = MJRefreshGifHeader.h; sourceTree = "<group>"; };
		CB0A434D1BEA84A500AAC5E0 /* MJRefreshGifHeader.m */ = {isa = PBXFileReference; fileEncoding = 4; lastKnownFileType = sourcecode.c.objc; path = MJRefreshGifHeader.m; sourceTree = "<group>"; };
		CB0A434E1BEA84A500AAC5E0 /* MJRefreshNormalHeader.h */ = {isa = PBXFileReference; fileEncoding = 4; lastKnownFileType = sourcecode.c.h; path = MJRefreshNormalHeader.h; sourceTree = "<group>"; };
		CB0A434F1BEA84A500AAC5E0 /* MJRefreshNormalHeader.m */ = {isa = PBXFileReference; fileEncoding = 4; lastKnownFileType = sourcecode.c.objc; path = MJRefreshNormalHeader.m; sourceTree = "<group>"; };
		CB0A43501BEA84A500AAC5E0 /* MJRefreshStateHeader.h */ = {isa = PBXFileReference; fileEncoding = 4; lastKnownFileType = sourcecode.c.h; path = MJRefreshStateHeader.h; sourceTree = "<group>"; };
		CB0A43511BEA84A500AAC5E0 /* MJRefreshStateHeader.m */ = {isa = PBXFileReference; fileEncoding = 4; lastKnownFileType = sourcecode.c.objc; path = MJRefreshStateHeader.m; sourceTree = "<group>"; };
		CB0A43521BEA84A500AAC5E0 /* MJRefresh.bundle */ = {isa = PBXFileReference; lastKnownFileType = "wrapper.plug-in"; path = MJRefresh.bundle; sourceTree = "<group>"; };
		CB0A43531BEA84A500AAC5E0 /* MJRefresh.h */ = {isa = PBXFileReference; fileEncoding = 4; lastKnownFileType = sourcecode.c.h; path = MJRefresh.h; sourceTree = "<group>"; };
		CB0A43541BEA84A500AAC5E0 /* MJRefreshConst.h */ = {isa = PBXFileReference; fileEncoding = 4; lastKnownFileType = sourcecode.c.h; path = MJRefreshConst.h; sourceTree = "<group>"; };
		CB0A43551BEA84A500AAC5E0 /* MJRefreshConst.m */ = {isa = PBXFileReference; fileEncoding = 4; lastKnownFileType = sourcecode.c.objc; path = MJRefreshConst.m; sourceTree = "<group>"; };
		CB0A43561BEA84A500AAC5E0 /* UIScrollView+MJExtension.h */ = {isa = PBXFileReference; fileEncoding = 4; lastKnownFileType = sourcecode.c.h; path = "UIScrollView+MJExtension.h"; sourceTree = "<group>"; };
		CB0A43571BEA84A500AAC5E0 /* UIScrollView+MJExtension.m */ = {isa = PBXFileReference; fileEncoding = 4; lastKnownFileType = sourcecode.c.objc; path = "UIScrollView+MJExtension.m"; sourceTree = "<group>"; };
		CB0A43581BEA84A500AAC5E0 /* UIScrollView+MJRefresh.h */ = {isa = PBXFileReference; fileEncoding = 4; lastKnownFileType = sourcecode.c.h; path = "UIScrollView+MJRefresh.h"; sourceTree = "<group>"; };
		CB0A43591BEA84A500AAC5E0 /* UIScrollView+MJRefresh.m */ = {isa = PBXFileReference; fileEncoding = 4; lastKnownFileType = sourcecode.c.objc; path = "UIScrollView+MJRefresh.m"; sourceTree = "<group>"; };
		CB0A435A1BEA84A500AAC5E0 /* UIView+MJExtension.h */ = {isa = PBXFileReference; fileEncoding = 4; lastKnownFileType = sourcecode.c.h; path = "UIView+MJExtension.h"; sourceTree = "<group>"; };
		CB0A435B1BEA84A500AAC5E0 /* UIView+MJExtension.m */ = {isa = PBXFileReference; fileEncoding = 4; lastKnownFileType = sourcecode.c.objc; path = "UIView+MJExtension.m"; sourceTree = "<group>"; };
		CB0A43711BEC941500AAC5E0 /* LZMPublishViewController.h */ = {isa = PBXFileReference; fileEncoding = 4; lastKnownFileType = sourcecode.c.h; path = LZMPublishViewController.h; sourceTree = "<group>"; };
		CB0A43721BEC941500AAC5E0 /* LZMPublishViewController.m */ = {isa = PBXFileReference; fileEncoding = 4; lastKnownFileType = sourcecode.c.objc; path = LZMPublishViewController.m; sourceTree = "<group>"; };
		CB0A43741BEC9DA600AAC5E0 /* LZMMainTabBarController.h */ = {isa = PBXFileReference; fileEncoding = 4; lastKnownFileType = sourcecode.c.h; path = LZMMainTabBarController.h; sourceTree = "<group>"; };
		CB0A43751BEC9DA600AAC5E0 /* LZMMainTabBarController.m */ = {isa = PBXFileReference; fileEncoding = 4; lastKnownFileType = sourcecode.c.objc; path = LZMMainTabBarController.m; sourceTree = "<group>"; };
		CB0A43781BED306D00AAC5E0 /* CYLTabBar.h */ = {isa = PBXFileReference; fileEncoding = 4; lastKnownFileType = sourcecode.c.h; path = CYLTabBar.h; sourceTree = "<group>"; };
		CB0A43791BED306D00AAC5E0 /* CYLTabBar.m */ = {isa = PBXFileReference; fileEncoding = 4; lastKnownFileType = sourcecode.c.objc; path = CYLTabBar.m; sourceTree = "<group>"; };
		CB0A437A1BED306D00AAC5E0 /* CYLTabBarController.h */ = {isa = PBXFileReference; fileEncoding = 4; lastKnownFileType = sourcecode.c.h; path = CYLTabBarController.h; sourceTree = "<group>"; };
		CB0A437B1BED306D00AAC5E0 /* CYLTabBarController.m */ = {isa = PBXFileReference; fileEncoding = 4; lastKnownFileType = sourcecode.c.objc; path = CYLTabBarController.m; sourceTree = "<group>"; };
		CB0A437C1BED306D00AAC5E0 /* CYLPlusButton.h */ = {isa = PBXFileReference; fileEncoding = 4; lastKnownFileType = sourcecode.c.h; path = CYLPlusButton.h; sourceTree = "<group>"; };
		CB0A437D1BED306D00AAC5E0 /* CYLPlusButton.m */ = {isa = PBXFileReference; fileEncoding = 4; lastKnownFileType = sourcecode.c.objc; path = CYLPlusButton.m; sourceTree = "<group>"; };
		CB0A43811BED30ED00AAC5E0 /* LZMPublishButton.h */ = {isa = PBXFileReference; fileEncoding = 4; lastKnownFileType = sourcecode.c.h; path = LZMPublishButton.h; sourceTree = "<group>"; };
		CB0A43821BED30ED00AAC5E0 /* LZMPublishButton.m */ = {isa = PBXFileReference; fileEncoding = 4; lastKnownFileType = sourcecode.c.objc; path = LZMPublishButton.m; sourceTree = "<group>"; };
		CB13FB2D1BEEF340005FFC94 /* LZMPublishCell.h */ = {isa = PBXFileReference; fileEncoding = 4; lastKnownFileType = sourcecode.c.h; path = LZMPublishCell.h; sourceTree = "<group>"; };
		CB13FB2E1BEEF340005FFC94 /* LZMPublishCell.m */ = {isa = PBXFileReference; fileEncoding = 4; lastKnownFileType = sourcecode.c.objc; path = LZMPublishCell.m; sourceTree = "<group>"; };
		CB13FB2F1BEEF340005FFC94 /* LZMPublishCell.xib */ = {isa = PBXFileReference; fileEncoding = 4; lastKnownFileType = file.xib; path = LZMPublishCell.xib; sourceTree = "<group>"; };
		CB13FB331BEF34ED005FFC94 /* LZMPublishModel.h */ = {isa = PBXFileReference; fileEncoding = 4; lastKnownFileType = sourcecode.c.h; path = LZMPublishModel.h; sourceTree = "<group>"; };
		CB13FB341BEF34ED005FFC94 /* LZMPublishModel.m */ = {isa = PBXFileReference; fileEncoding = 4; lastKnownFileType = sourcecode.c.objc; path = LZMPublishModel.m; sourceTree = "<group>"; };
		CB13FB361BEF3520005FFC94 /* LZMPublishParser.h */ = {isa = PBXFileReference; fileEncoding = 4; lastKnownFileType = sourcecode.c.h; path = LZMPublishParser.h; sourceTree = "<group>"; };
		CB13FB371BEF3520005FFC94 /* LZMPublishParser.m */ = {isa = PBXFileReference; fileEncoding = 4; lastKnownFileType = sourcecode.c.objc; path = LZMPublishParser.m; sourceTree = "<group>"; };
		CB13FB391BEF9F29005FFC94 /* LZMLocationModel.h */ = {isa = PBXFileReference; fileEncoding = 4; lastKnownFileType = sourcecode.c.h; path = LZMLocationModel.h; sourceTree = "<group>"; };
		CB13FB3A1BEF9F29005FFC94 /* LZMLocationModel.m */ = {isa = PBXFileReference; fileEncoding = 4; lastKnownFileType = sourcecode.c.objc; path = LZMLocationModel.m; sourceTree = "<group>"; };
		CB13FB3C1BEF9FCE005FFC94 /* LZMLocationParser.h */ = {isa = PBXFileReference; fileEncoding = 4; lastKnownFileType = sourcecode.c.h; path = LZMLocationParser.h; sourceTree = "<group>"; };
		CB13FB3D1BEF9FCE005FFC94 /* LZMLocationParser.m */ = {isa = PBXFileReference; fileEncoding = 4; lastKnownFileType = sourcecode.c.objc; path = LZMLocationParser.m; sourceTree = "<group>"; };
		CB13FB3F1BEFB7CD005FFC94 /* LZMViewDetail.storyboard */ = {isa = PBXFileReference; fileEncoding = 4; lastKnownFileType = file.storyboard; path = LZMViewDetail.storyboard; sourceTree = "<group>"; };
		CB13FB421BEFB86A005FFC94 /* LZMViewDetailController.h */ = {isa = PBXFileReference; fileEncoding = 4; lastKnownFileType = sourcecode.c.h; path = LZMViewDetailController.h; sourceTree = "<group>"; };
		CB13FB431BEFB86A005FFC94 /* LZMViewDetailController.m */ = {isa = PBXFileReference; fileEncoding = 4; lastKnownFileType = sourcecode.c.objc; path = LZMViewDetailController.m; sourceTree = "<group>"; };
		CB13FB461BEFC4BE005FFC94 /* LZMDetailViewRequest.h */ = {isa = PBXFileReference; fileEncoding = 4; lastKnownFileType = sourcecode.c.h; path = LZMDetailViewRequest.h; sourceTree = "<group>"; };
		CB13FB471BEFC4BE005FFC94 /* LZMDetailViewRequest.m */ = {isa = PBXFileReference; fileEncoding = 4; lastKnownFileType = sourcecode.c.objc; path = LZMDetailViewRequest.m; sourceTree = "<group>"; };
		CB13FB4A1BEFD36E005FFC94 /* LZMCommentModel.h */ = {isa = PBXFileReference; fileEncoding = 4; lastKnownFileType = sourcecode.c.h; path = LZMCommentModel.h; sourceTree = "<group>"; };
		CB13FB4B1BEFD36E005FFC94 /* LZMCommentModel.m */ = {isa = PBXFileReference; fileEncoding = 4; lastKnownFileType = sourcecode.c.objc; path = LZMCommentModel.m; sourceTree = "<group>"; };
		CB13FB4D1BEFD571005FFC94 /* UIColor+LZMAddColor.h */ = {isa = PBXFileReference; fileEncoding = 4; lastKnownFileType = sourcecode.c.h; path = "UIColor+LZMAddColor.h"; sourceTree = "<group>"; };
		CB13FB4E1BEFD571005FFC94 /* UIColor+LZMAddColor.m */ = {isa = PBXFileReference; fileEncoding = 4; lastKnownFileType = sourcecode.c.objc; path = "UIColor+LZMAddColor.m"; sourceTree = "<group>"; };
		CB13FB501BEFD957005FFC94 /* LZMCommenCell.h */ = {isa = PBXFileReference; fileEncoding = 4; lastKnownFileType = sourcecode.c.h; path = LZMCommenCell.h; sourceTree = "<group>"; };
		CB13FB511BEFD957005FFC94 /* LZMCommenCell.m */ = {isa = PBXFileReference; fileEncoding = 4; lastKnownFileType = sourcecode.c.objc; path = LZMCommenCell.m; sourceTree = "<group>"; };
		CBD6FD2E1BE8589B006A0E65 /* LZIOSPro_Moran.app */ = {isa = PBXFileReference; explicitFileType = wrapper.application; includeInIndex = 0; path = LZIOSPro_Moran.app; sourceTree = BUILT_PRODUCTS_DIR; };
		CBD6FD471BE8589B006A0E65 /* LZIOSPro_MoranTests.xctest */ = {isa = PBXFileReference; explicitFileType = wrapper.cfbundle; includeInIndex = 0; path = LZIOSPro_MoranTests.xctest; sourceTree = BUILT_PRODUCTS_DIR; };
		CBD6FD4D1BE8589B006A0E65 /* LZIOSPro_MoranTests.m */ = {isa = PBXFileReference; lastKnownFileType = sourcecode.c.objc; path = LZIOSPro_MoranTests.m; sourceTree = "<group>"; };
		CBD6FD581BE85B48006A0E65 /* AppDelegate.h */ = {isa = PBXFileReference; fileEncoding = 4; lastKnownFileType = sourcecode.c.h; path = AppDelegate.h; sourceTree = "<group>"; };
		CBD6FD591BE85B48006A0E65 /* AppDelegate.m */ = {isa = PBXFileReference; fileEncoding = 4; lastKnownFileType = sourcecode.c.objc; path = AppDelegate.m; sourceTree = "<group>"; };
		CBD6FD6B1BE85B48006A0E65 /* Images.xcassets */ = {isa = PBXFileReference; lastKnownFileType = folder.assetcatalog; path = Images.xcassets; sourceTree = "<group>"; };
		CBD6FD6C1BE85B48006A0E65 /* LaunchScreen.xib */ = {isa = PBXFileReference; fileEncoding = 4; lastKnownFileType = file.xib; path = LaunchScreen.xib; sourceTree = "<group>"; };
		CBD6FD6F1BE85B48006A0E65 /* Info.plist */ = {isa = PBXFileReference; fileEncoding = 4; lastKnownFileType = text.plist.xml; path = Info.plist; sourceTree = "<group>"; };
		CBD6FD701BE85B48006A0E65 /* main.m */ = {isa = PBXFileReference; fileEncoding = 4; lastKnownFileType = sourcecode.c.objc; path = main.m; sourceTree = "<group>"; };
		CBD6FD7C1BE85BFD006A0E65 /* LZMLoginViewControllers.h */ = {isa = PBXFileReference; fileEncoding = 4; lastKnownFileType = sourcecode.c.h; path = LZMLoginViewControllers.h; sourceTree = "<group>"; };
		CBD6FD7D1BE85BFD006A0E65 /* LZMLoginViewControllers.m */ = {isa = PBXFileReference; fileEncoding = 4; lastKnownFileType = sourcecode.c.objc; path = LZMLoginViewControllers.m; sourceTree = "<group>"; };
		CBD6FD7F1BE85C1F006A0E65 /* LZMMyViewController.h */ = {isa = PBXFileReference; fileEncoding = 4; lastKnownFileType = sourcecode.c.h; path = LZMMyViewController.h; sourceTree = "<group>"; };
		CBD6FD801BE85C1F006A0E65 /* LZMMyViewController.m */ = {isa = PBXFileReference; fileEncoding = 4; lastKnownFileType = sourcecode.c.objc; path = LZMMyViewController.m; sourceTree = "<group>"; };
		CBD6FD861BE85CDB006A0E65 /* LZMLoginAndRegister.storyboard */ = {isa = PBXFileReference; fileEncoding = 4; lastKnownFileType = file.storyboard; path = LZMLoginAndRegister.storyboard; sourceTree = "<group>"; };
		CBD6FD881BE85CF3006A0E65 /* LZMSquare.storyboard */ = {isa = PBXFileReference; fileEncoding = 4; lastKnownFileType = file.storyboard; path = LZMSquare.storyboard; sourceTree = "<group>"; };
		CBD6FD8A1BE85D01006A0E65 /* LZMPublish.storyboard */ = {isa = PBXFileReference; fileEncoding = 4; lastKnownFileType = file.storyboard; path = LZMPublish.storyboard; sourceTree = "<group>"; };
		CBD6FD8F1BE85D4F006A0E65 /* LZMPictureModel.h */ = {isa = PBXFileReference; fileEncoding = 4; lastKnownFileType = sourcecode.c.h; path = LZMPictureModel.h; sourceTree = "<group>"; };
		CBD6FD901BE85D4F006A0E65 /* LZMPictureModel.m */ = {isa = PBXFileReference; fileEncoding = 4; lastKnownFileType = sourcecode.c.objc; path = LZMPictureModel.m; sourceTree = "<group>"; };
		CBD6FD921BE85D60006A0E65 /* LZMSquareModel.h */ = {isa = PBXFileReference; fileEncoding = 4; lastKnownFileType = sourcecode.c.h; path = LZMSquareModel.h; sourceTree = "<group>"; };
		CBD6FD931BE85D60006A0E65 /* LZMSquareModel.m */ = {isa = PBXFileReference; fileEncoding = 4; lastKnownFileType = sourcecode.c.objc; path = LZMSquareModel.m; sourceTree = "<group>"; };
		CBD6FD951BE85D70006A0E65 /* LZMUserModel.h */ = {isa = PBXFileReference; fileEncoding = 4; lastKnownFileType = sourcecode.c.h; path = LZMUserModel.h; sourceTree = "<group>"; };
		CBD6FD961BE85D70006A0E65 /* LZMUserModel.m */ = {isa = PBXFileReference; fileEncoding = 4; lastKnownFileType = sourcecode.c.objc; path = LZMUserModel.m; sourceTree = "<group>"; };
		CBD6FD981BE85D9E006A0E65 /* LZMLoginRequest.h */ = {isa = PBXFileReference; fileEncoding = 4; lastKnownFileType = sourcecode.c.h; path = LZMLoginRequest.h; sourceTree = "<group>"; };
		CBD6FD991BE85D9E006A0E65 /* LZMLoginRequest.m */ = {isa = PBXFileReference; fileEncoding = 4; lastKnownFileType = sourcecode.c.objc; path = LZMLoginRequest.m; sourceTree = "<group>"; };
		CBD6FD9B1BE85DBA006A0E65 /* LZMRegisterRequest.h */ = {isa = PBXFileReference; fileEncoding = 4; lastKnownFileType = sourcecode.c.h; path = LZMRegisterRequest.h; sourceTree = "<group>"; };
		CBD6FD9C1BE85DBA006A0E65 /* LZMRegisterRequest.m */ = {isa = PBXFileReference; fileEncoding = 4; lastKnownFileType = sourcecode.c.objc; path = LZMRegisterRequest.m; sourceTree = "<group>"; };
		CBD6FD9E1BE85DCB006A0E65 /* LZMPublishRequest.h */ = {isa = PBXFileReference; fileEncoding = 4; lastKnownFileType = sourcecode.c.h; path = LZMPublishRequest.h; sourceTree = "<group>"; };
		CBD6FD9F1BE85DCB006A0E65 /* LZMPublishRequest.m */ = {isa = PBXFileReference; fileEncoding = 4; lastKnownFileType = sourcecode.c.objc; path = LZMPublishRequest.m; sourceTree = "<group>"; };
		CBD6FDA41BE85E0F006A0E65 /* LZMLoginRequestParser.h */ = {isa = PBXFileReference; fileEncoding = 4; lastKnownFileType = sourcecode.c.h; path = LZMLoginRequestParser.h; sourceTree = "<group>"; };
		CBD6FDA51BE85E0F006A0E65 /* LZMLoginRequestParser.m */ = {isa = PBXFileReference; fileEncoding = 4; lastKnownFileType = sourcecode.c.objc; path = LZMLoginRequestParser.m; sourceTree = "<group>"; };
		CBD6FDA71BE85E2A006A0E65 /* LZMRegisterRequestParser.h */ = {isa = PBXFileReference; fileEncoding = 4; lastKnownFileType = sourcecode.c.h; path = LZMRegisterRequestParser.h; sourceTree = "<group>"; };
		CBD6FDA81BE85E2A006A0E65 /* LZMRegisterRequestParser.m */ = {isa = PBXFileReference; fileEncoding = 4; lastKnownFileType = sourcecode.c.objc; path = LZMRegisterRequestParser.m; sourceTree = "<group>"; };
		CBD6FDAE1BE861EA006A0E65 /* Main.xcassets */ = {isa = PBXFileReference; lastKnownFileType = folder.assetcatalog; path = Main.xcassets; sourceTree = "<group>"; };
		CBD6FDB01BE86ED3006A0E65 /* Info.plist */ = {isa = PBXFileReference; fileEncoding = 4; lastKnownFileType = text.plist.xml; path = Info.plist; sourceTree = "<group>"; };
		CBD6FDC41BE873A3006A0E65 /* MBProgressHUD.h */ = {isa = PBXFileReference; fileEncoding = 4; lastKnownFileType = sourcecode.c.h; path = MBProgressHUD.h; sourceTree = "<group>"; };
		CBD6FDC51BE873A3006A0E65 /* MBProgressHUD.m */ = {isa = PBXFileReference; fileEncoding = 4; lastKnownFileType = sourcecode.c.objc; path = MBProgressHUD.m; sourceTree = "<group>"; };
		CBD6FDC71BE87C47006A0E65 /* BLMultipartForm.h */ = {isa = PBXFileReference; fileEncoding = 4; lastKnownFileType = sourcecode.c.h; path = BLMultipartForm.h; sourceTree = "<group>"; };
		CBD6FDC81BE87C47006A0E65 /* BLMultipartForm.m */ = {isa = PBXFileReference; fileEncoding = 4; lastKnownFileType = sourcecode.c.objc; path = BLMultipartForm.m; sourceTree = "<group>"; };
		CBD6FDCA1BE8861A006A0E65 /* LZMRegisterViewController.h */ = {isa = PBXFileReference; fileEncoding = 4; lastKnownFileType = sourcecode.c.h; path = LZMRegisterViewController.h; sourceTree = "<group>"; };
		CBD6FDCB1BE8861A006A0E65 /* LZMRegisterViewController.m */ = {isa = PBXFileReference; fileEncoding = 4; lastKnownFileType = sourcecode.c.objc; path = LZMRegisterViewController.m; sourceTree = "<group>"; };
		CBD6FDCD1BE8DD43006A0E65 /* LZMMy.storyboard */ = {isa = PBXFileReference; fileEncoding = 4; lastKnownFileType = file.storyboard; path = LZMMy.storyboard; sourceTree = "<group>"; };
		CBD6FDD01BE8E3CE006A0E65 /* LZMGlobal.h */ = {isa = PBXFileReference; fileEncoding = 4; lastKnownFileType = sourcecode.c.h; path = LZMGlobal.h; sourceTree = "<group>"; };
		CBD6FDD11BE8E3CE006A0E65 /* LZMGlobal.m */ = {isa = PBXFileReference; fileEncoding = 4; lastKnownFileType = sourcecode.c.objc; path = LZMGlobal.m; sourceTree = "<group>"; };
		CBD6FDD51BE909CC006A0E65 /* LZMNickNameViewController.h */ = {isa = PBXFileReference; fileEncoding = 4; lastKnownFileType = sourcecode.c.h; path = LZMNickNameViewController.h; sourceTree = "<group>"; };
		CBD6FDD61BE909CC006A0E65 /* LZMNickNameViewController.m */ = {isa = PBXFileReference; fileEncoding = 4; lastKnownFileType = sourcecode.c.objc; path = LZMNickNameViewController.m; sourceTree = "<group>"; };
		CBD6FDD81BE909E2006A0E65 /* LZMHeadImageViewController.h */ = {isa = PBXFileReference; fileEncoding = 4; lastKnownFileType = sourcecode.c.h; path = LZMHeadImageViewController.h; sourceTree = "<group>"; };
		CBD6FDD91BE909E2006A0E65 /* LZMHeadImageViewController.m */ = {isa = PBXFileReference; fileEncoding = 4; lastKnownFileType = sourcecode.c.objc; path = LZMHeadImageViewController.m; sourceTree = "<group>"; };
		CBD6FDDB1BE9134C006A0E65 /* LZMHeadimageRequest.h */ = {isa = PBXFileReference; fileEncoding = 4; lastKnownFileType = sourcecode.c.h; name = LZMHeadimageRequest.h; path = ../../../../Controllers/LoginAndRegister/LZMHeadimageRequest.h; sourceTree = "<group>"; };
		CBD6FDDC1BE9134C006A0E65 /* LZMHeadimageRequest.m */ = {isa = PBXFileReference; fileEncoding = 4; lastKnownFileType = sourcecode.c.objc; name = LZMHeadimageRequest.m; path = ../../../../Controllers/LoginAndRegister/LZMHeadimageRequest.m; sourceTree = "<group>"; };
		CBD6FDDF1BE91D7E006A0E65 /* LZMReNameRequest.h */ = {isa = PBXFileReference; fileEncoding = 4; lastKnownFileType = sourcecode.c.h; path = LZMReNameRequest.h; sourceTree = "<group>"; };
		CBD6FDE01BE91D7E006A0E65 /* LZMReNameRequest.m */ = {isa = PBXFileReference; fileEncoding = 4; lastKnownFileType = sourcecode.c.objc; path = LZMReNameRequest.m; sourceTree = "<group>"; };
		CBD6FDE21BE9296F006A0E65 /* LZMFollowAndHomeViewController.h */ = {isa = PBXFileReference; fileEncoding = 4; lastKnownFileType = sourcecode.c.h; path = LZMFollowAndHomeViewController.h; sourceTree = "<group>"; };
		CBD6FDE31BE9296F006A0E65 /* LZMFollowAndHomeViewController.m */ = {isa = PBXFileReference; fileEncoding = 4; lastKnownFileType = sourcecode.c.objc; path = LZMFollowAndHomeViewController.m; sourceTree = "<group>"; };
		CBD6FDE51BE92F1D006A0E65 /* LZMChangeImageRequest.h */ = {isa = PBXFileReference; fileEncoding = 4; lastKnownFileType = sourcecode.c.h; path = LZMChangeImageRequest.h; sourceTree = "<group>"; };
		CBD6FDE61BE92F1D006A0E65 /* LZMChangeImageRequest.m */ = {isa = PBXFileReference; fileEncoding = 4; lastKnownFileType = sourcecode.c.objc; path = LZMChangeImageRequest.m; sourceTree = "<group>"; };
		CBD6FDE91BE98400006A0E65 /* LZMSquareController.h */ = {isa = PBXFileReference; fileEncoding = 4; lastKnownFileType = sourcecode.c.h; name = LZMSquareController.h; path = ViewDetail/LZMSquareController.h; sourceTree = "<group>"; };
		CBD6FDEA1BE98400006A0E65 /* LZMSquareController.m */ = {isa = PBXFileReference; fileEncoding = 4; lastKnownFileType = sourcecode.c.objc; name = LZMSquareController.m; path = ViewDetail/LZMSquareController.m; sourceTree = "<group>"; };
		CBD6FDEC1BE984A7006A0E65 /* LZMSquareCell.h */ = {isa = PBXFileReference; fileEncoding = 4; lastKnownFileType = sourcecode.c.h; path = LZMSquareCell.h; sourceTree = "<group>"; };
		CBD6FDED1BE984A7006A0E65 /* LZMSquareCell.m */ = {isa = PBXFileReference; fileEncoding = 4; lastKnownFileType = sourcecode.c.objc; path = LZMSquareCell.m; sourceTree = "<group>"; };
		CBD6FDEF1BE984DA006A0E65 /* LZMSquareCollectionCell.h */ = {isa = PBXFileReference; fileEncoding = 4; lastKnownFileType = sourcecode.c.h; path = LZMSquareCollectionCell.h; sourceTree = "<group>"; };
		CBD6FDF01BE984DA006A0E65 /* LZMSquareCollectionCell.m */ = {isa = PBXFileReference; fileEncoding = 4; lastKnownFileType = sourcecode.c.objc; path = LZMSquareCollectionCell.m; sourceTree = "<group>"; };
		CBD6FDF31BE986F1006A0E65 /* LZMSquareRequest.h */ = {isa = PBXFileReference; fileEncoding = 4; lastKnownFileType = sourcecode.c.h; path = LZMSquareRequest.h; sourceTree = "<group>"; };
		CBD6FDF41BE986F1006A0E65 /* LZMSquareRequest.m */ = {isa = PBXFileReference; fileEncoding = 4; lastKnownFileType = sourcecode.c.objc; path = LZMSquareRequest.m; sourceTree = "<group>"; };
		CBD6FDF61BE99307006A0E65 /* LZMSquareRequestParser.h */ = {isa = PBXFileReference; fileEncoding = 4; lastKnownFileType = sourcecode.c.h; path = LZMSquareRequestParser.h; sourceTree = "<group>"; };
		CBD6FDF71BE99307006A0E65 /* LZMSquareRequestParser.m */ = {isa = PBXFileReference; fileEncoding = 4; lastKnownFileType = sourcecode.c.objc; path = LZMSquareRequestParser.m; sourceTree = "<group>"; };
		CBD6FDFA1BE9A3B8006A0E65 /* MKAnnotationView+WebCache.h */ = {isa = PBXFileReference; fileEncoding = 4; lastKnownFileType = sourcecode.c.h; path = "MKAnnotationView+WebCache.h"; sourceTree = "<group>"; };
		CBD6FDFB1BE9A3B8006A0E65 /* MKAnnotationView+WebCache.m */ = {isa = PBXFileReference; fileEncoding = 4; lastKnownFileType = sourcecode.c.objc; path = "MKAnnotationView+WebCache.m"; sourceTree = "<group>"; };
		CBD6FDFC1BE9A3B8006A0E65 /* NSData+ImageContentType.h */ = {isa = PBXFileReference; fileEncoding = 4; lastKnownFileType = sourcecode.c.h; path = "NSData+ImageContentType.h"; sourceTree = "<group>"; };
		CBD6FDFD1BE9A3B8006A0E65 /* NSData+ImageContentType.m */ = {isa = PBXFileReference; fileEncoding = 4; lastKnownFileType = sourcecode.c.objc; path = "NSData+ImageContentType.m"; sourceTree = "<group>"; };
		CBD6FDFE1BE9A3B8006A0E65 /* SDImageCache.h */ = {isa = PBXFileReference; fileEncoding = 4; lastKnownFileType = sourcecode.c.h; path = SDImageCache.h; sourceTree = "<group>"; };
		CBD6FDFF1BE9A3B8006A0E65 /* SDImageCache.m */ = {isa = PBXFileReference; fileEncoding = 4; lastKnownFileType = sourcecode.c.objc; path = SDImageCache.m; sourceTree = "<group>"; };
		CBD6FE001BE9A3B8006A0E65 /* SDWebImageCompat.h */ = {isa = PBXFileReference; fileEncoding = 4; lastKnownFileType = sourcecode.c.h; path = SDWebImageCompat.h; sourceTree = "<group>"; };
		CBD6FE011BE9A3B8006A0E65 /* SDWebImageCompat.m */ = {isa = PBXFileReference; fileEncoding = 4; lastKnownFileType = sourcecode.c.objc; path = SDWebImageCompat.m; sourceTree = "<group>"; };
		CBD6FE021BE9A3B8006A0E65 /* SDWebImageDecoder.h */ = {isa = PBXFileReference; fileEncoding = 4; lastKnownFileType = sourcecode.c.h; path = SDWebImageDecoder.h; sourceTree = "<group>"; };
		CBD6FE031BE9A3B8006A0E65 /* SDWebImageDecoder.m */ = {isa = PBXFileReference; fileEncoding = 4; lastKnownFileType = sourcecode.c.objc; path = SDWebImageDecoder.m; sourceTree = "<group>"; };
		CBD6FE041BE9A3B8006A0E65 /* SDWebImageDownloader.h */ = {isa = PBXFileReference; fileEncoding = 4; lastKnownFileType = sourcecode.c.h; path = SDWebImageDownloader.h; sourceTree = "<group>"; };
		CBD6FE051BE9A3B8006A0E65 /* SDWebImageDownloader.m */ = {isa = PBXFileReference; fileEncoding = 4; lastKnownFileType = sourcecode.c.objc; path = SDWebImageDownloader.m; sourceTree = "<group>"; };
		CBD6FE061BE9A3B8006A0E65 /* SDWebImageDownloaderOperation.h */ = {isa = PBXFileReference; fileEncoding = 4; lastKnownFileType = sourcecode.c.h; path = SDWebImageDownloaderOperation.h; sourceTree = "<group>"; };
		CBD6FE071BE9A3B8006A0E65 /* SDWebImageDownloaderOperation.m */ = {isa = PBXFileReference; fileEncoding = 4; lastKnownFileType = sourcecode.c.objc; path = SDWebImageDownloaderOperation.m; sourceTree = "<group>"; };
		CBD6FE081BE9A3B8006A0E65 /* SDWebImageManager.h */ = {isa = PBXFileReference; fileEncoding = 4; lastKnownFileType = sourcecode.c.h; path = SDWebImageManager.h; sourceTree = "<group>"; };
		CBD6FE091BE9A3B8006A0E65 /* SDWebImageManager.m */ = {isa = PBXFileReference; fileEncoding = 4; lastKnownFileType = sourcecode.c.objc; path = SDWebImageManager.m; sourceTree = "<group>"; };
		CBD6FE0A1BE9A3B8006A0E65 /* SDWebImageOperation.h */ = {isa = PBXFileReference; fileEncoding = 4; lastKnownFileType = sourcecode.c.h; path = SDWebImageOperation.h; sourceTree = "<group>"; };
		CBD6FE0B1BE9A3B8006A0E65 /* SDWebImagePrefetcher.h */ = {isa = PBXFileReference; fileEncoding = 4; lastKnownFileType = sourcecode.c.h; path = SDWebImagePrefetcher.h; sourceTree = "<group>"; };
		CBD6FE0C1BE9A3B8006A0E65 /* SDWebImagePrefetcher.m */ = {isa = PBXFileReference; fileEncoding = 4; lastKnownFileType = sourcecode.c.objc; path = SDWebImagePrefetcher.m; sourceTree = "<group>"; };
		CBD6FE0D1BE9A3B8006A0E65 /* UIButton+WebCache.h */ = {isa = PBXFileReference; fileEncoding = 4; lastKnownFileType = sourcecode.c.h; path = "UIButton+WebCache.h"; sourceTree = "<group>"; };
		CBD6FE0E1BE9A3B8006A0E65 /* UIButton+WebCache.m */ = {isa = PBXFileReference; fileEncoding = 4; lastKnownFileType = sourcecode.c.objc; path = "UIButton+WebCache.m"; sourceTree = "<group>"; };
		CBD6FE0F1BE9A3B8006A0E65 /* UIImage+GIF.h */ = {isa = PBXFileReference; fileEncoding = 4; lastKnownFileType = sourcecode.c.h; path = "UIImage+GIF.h"; sourceTree = "<group>"; };
		CBD6FE101BE9A3B8006A0E65 /* UIImage+GIF.m */ = {isa = PBXFileReference; fileEncoding = 4; lastKnownFileType = sourcecode.c.objc; path = "UIImage+GIF.m"; sourceTree = "<group>"; };
		CBD6FE111BE9A3B8006A0E65 /* UIImage+MultiFormat.h */ = {isa = PBXFileReference; fileEncoding = 4; lastKnownFileType = sourcecode.c.h; path = "UIImage+MultiFormat.h"; sourceTree = "<group>"; };
		CBD6FE121BE9A3B8006A0E65 /* UIImage+MultiFormat.m */ = {isa = PBXFileReference; fileEncoding = 4; lastKnownFileType = sourcecode.c.objc; path = "UIImage+MultiFormat.m"; sourceTree = "<group>"; };
		CBD6FE131BE9A3B8006A0E65 /* UIImage+WebP.h */ = {isa = PBXFileReference; fileEncoding = 4; lastKnownFileType = sourcecode.c.h; path = "UIImage+WebP.h"; sourceTree = "<group>"; };
		CBD6FE141BE9A3B8006A0E65 /* UIImage+WebP.m */ = {isa = PBXFileReference; fileEncoding = 4; lastKnownFileType = sourcecode.c.objc; path = "UIImage+WebP.m"; sourceTree = "<group>"; };
		CBD6FE151BE9A3B8006A0E65 /* UIImageView+HighlightedWebCache.h */ = {isa = PBXFileReference; fileEncoding = 4; lastKnownFileType = sourcecode.c.h; path = "UIImageView+HighlightedWebCache.h"; sourceTree = "<group>"; };
		CBD6FE161BE9A3B8006A0E65 /* UIImageView+HighlightedWebCache.m */ = {isa = PBXFileReference; fileEncoding = 4; lastKnownFileType = sourcecode.c.objc; path = "UIImageView+HighlightedWebCache.m"; sourceTree = "<group>"; };
		CBD6FE171BE9A3B8006A0E65 /* UIImageView+WebCache.h */ = {isa = PBXFileReference; fileEncoding = 4; lastKnownFileType = sourcecode.c.h; path = "UIImageView+WebCache.h"; sourceTree = "<group>"; };
		CBD6FE181BE9A3B8006A0E65 /* UIImageView+WebCache.m */ = {isa = PBXFileReference; fileEncoding = 4; lastKnownFileType = sourcecode.c.objc; path = "UIImageView+WebCache.m"; sourceTree = "<group>"; };
		CBD6FE191BE9A3B8006A0E65 /* UIView+WebCacheOperation.h */ = {isa = PBXFileReference; fileEncoding = 4; lastKnownFileType = sourcecode.c.h; path = "UIView+WebCacheOperation.h"; sourceTree = "<group>"; };
		CBD6FE1A1BE9A3B8006A0E65 /* UIView+WebCacheOperation.m */ = {isa = PBXFileReference; fileEncoding = 4; lastKnownFileType = sourcecode.c.objc; path = "UIView+WebCacheOperation.m"; sourceTree = "<group>"; };
/* End PBXFileReference section */

/* Begin PBXFrameworksBuildPhase section */
		CBD6FD2B1BE8589B006A0E65 /* Frameworks */ = {
			isa = PBXFrameworksBuildPhase;
			buildActionMask = 2147483647;
			files = (
				CB0A432E1BEA809A00AAC5E0 /* QuartzCore.framework in Frameworks */,
				CB0A432C1BEA7FE600AAC5E0 /* UIKit.framework in Frameworks */,
				CB0A43261BEA648E00AAC5E0 /* Reveal.framework in Frameworks */,
			);
			runOnlyForDeploymentPostprocessing = 0;
		};
		CBD6FD441BE8589B006A0E65 /* Frameworks */ = {
			isa = PBXFrameworksBuildPhase;
			buildActionMask = 2147483647;
			files = (
			);
			runOnlyForDeploymentPostprocessing = 0;
		};
/* End PBXFrameworksBuildPhase section */

/* Begin PBXGroup section */
		CB0A43271BEA7C6900AAC5E0 /* kxMenu */ = {
			isa = PBXGroup;
			children = (
				CB0A43281BEA7C6900AAC5E0 /* KxMenu.h */,
				CB0A43291BEA7C6900AAC5E0 /* KxMenu.m */,
			);
			path = kxMenu;
			sourceTree = "<group>";
		};
		CB0A432F1BEA84A500AAC5E0 /* MJRefresh */ = {
			isa = PBXGroup;
			children = (
				CB0A43301BEA84A500AAC5E0 /* Base */,
				CB0A433B1BEA84A500AAC5E0 /* Custom */,
				CB0A43521BEA84A500AAC5E0 /* MJRefresh.bundle */,
				CB0A43531BEA84A500AAC5E0 /* MJRefresh.h */,
				CB0A43541BEA84A500AAC5E0 /* MJRefreshConst.h */,
				CB0A43551BEA84A500AAC5E0 /* MJRefreshConst.m */,
				CB0A43561BEA84A500AAC5E0 /* UIScrollView+MJExtension.h */,
				CB0A43571BEA84A500AAC5E0 /* UIScrollView+MJExtension.m */,
				CB0A43581BEA84A500AAC5E0 /* UIScrollView+MJRefresh.h */,
				CB0A43591BEA84A500AAC5E0 /* UIScrollView+MJRefresh.m */,
				CB0A435A1BEA84A500AAC5E0 /* UIView+MJExtension.h */,
				CB0A435B1BEA84A500AAC5E0 /* UIView+MJExtension.m */,
			);
			path = MJRefresh;
			sourceTree = "<group>";
		};
		CB0A43301BEA84A500AAC5E0 /* Base */ = {
			isa = PBXGroup;
			children = (
				CB0A43311BEA84A500AAC5E0 /* MJRefreshAutoFooter.h */,
				CB0A43321BEA84A500AAC5E0 /* MJRefreshAutoFooter.m */,
				CB0A43331BEA84A500AAC5E0 /* MJRefreshBackFooter.h */,
				CB0A43341BEA84A500AAC5E0 /* MJRefreshBackFooter.m */,
				CB0A43351BEA84A500AAC5E0 /* MJRefreshComponent.h */,
				CB0A43361BEA84A500AAC5E0 /* MJRefreshComponent.m */,
				CB0A43371BEA84A500AAC5E0 /* MJRefreshFooter.h */,
				CB0A43381BEA84A500AAC5E0 /* MJRefreshFooter.m */,
				CB0A43391BEA84A500AAC5E0 /* MJRefreshHeader.h */,
				CB0A433A1BEA84A500AAC5E0 /* MJRefreshHeader.m */,
			);
			path = Base;
			sourceTree = "<group>";
		};
		CB0A433B1BEA84A500AAC5E0 /* Custom */ = {
			isa = PBXGroup;
			children = (
				CB0A433C1BEA84A500AAC5E0 /* Footer */,
				CB0A434B1BEA84A500AAC5E0 /* Header */,
			);
			path = Custom;
			sourceTree = "<group>";
		};
		CB0A433C1BEA84A500AAC5E0 /* Footer */ = {
			isa = PBXGroup;
			children = (
				CB0A433D1BEA84A500AAC5E0 /* Auto */,
				CB0A43441BEA84A500AAC5E0 /* Back */,
			);
			path = Footer;
			sourceTree = "<group>";
		};
		CB0A433D1BEA84A500AAC5E0 /* Auto */ = {
			isa = PBXGroup;
			children = (
				CB0A433E1BEA84A500AAC5E0 /* MJRefreshAutoGifFooter.h */,
				CB0A433F1BEA84A500AAC5E0 /* MJRefreshAutoGifFooter.m */,
				CB0A43401BEA84A500AAC5E0 /* MJRefreshAutoNormalFooter.h */,
				CB0A43411BEA84A500AAC5E0 /* MJRefreshAutoNormalFooter.m */,
				CB0A43421BEA84A500AAC5E0 /* MJRefreshAutoStateFooter.h */,
				CB0A43431BEA84A500AAC5E0 /* MJRefreshAutoStateFooter.m */,
			);
			path = Auto;
			sourceTree = "<group>";
		};
		CB0A43441BEA84A500AAC5E0 /* Back */ = {
			isa = PBXGroup;
			children = (
				CB0A43451BEA84A500AAC5E0 /* MJRefreshBackGifFooter.h */,
				CB0A43461BEA84A500AAC5E0 /* MJRefreshBackGifFooter.m */,
				CB0A43471BEA84A500AAC5E0 /* MJRefreshBackNormalFooter.h */,
				CB0A43481BEA84A500AAC5E0 /* MJRefreshBackNormalFooter.m */,
				CB0A43491BEA84A500AAC5E0 /* MJRefreshBackStateFooter.h */,
				CB0A434A1BEA84A500AAC5E0 /* MJRefreshBackStateFooter.m */,
			);
			path = Back;
			sourceTree = "<group>";
		};
		CB0A434B1BEA84A500AAC5E0 /* Header */ = {
			isa = PBXGroup;
			children = (
				CB0A434C1BEA84A500AAC5E0 /* MJRefreshGifHeader.h */,
				CB0A434D1BEA84A500AAC5E0 /* MJRefreshGifHeader.m */,
				CB0A434E1BEA84A500AAC5E0 /* MJRefreshNormalHeader.h */,
				CB0A434F1BEA84A500AAC5E0 /* MJRefreshNormalHeader.m */,
				CB0A43501BEA84A500AAC5E0 /* MJRefreshStateHeader.h */,
				CB0A43511BEA84A500AAC5E0 /* MJRefreshStateHeader.m */,
			);
			path = Header;
			sourceTree = "<group>";
		};
		CB0A43771BED305A00AAC5E0 /* LZTabBarController */ = {
			isa = PBXGroup;
			children = (
				CB0A43781BED306D00AAC5E0 /* CYLTabBar.h */,
				CB0A43791BED306D00AAC5E0 /* CYLTabBar.m */,
				CB0A437A1BED306D00AAC5E0 /* CYLTabBarController.h */,
				CB0A437B1BED306D00AAC5E0 /* CYLTabBarController.m */,
				CB0A437C1BED306D00AAC5E0 /* CYLPlusButton.h */,
				CB0A437D1BED306D00AAC5E0 /* CYLPlusButton.m */,
				CB0A43811BED30ED00AAC5E0 /* LZMPublishButton.h */,
				CB0A43821BED30ED00AAC5E0 /* LZMPublishButton.m */,
			);
			path = LZTabBarController;
			sourceTree = "<group>";
		};
		CB13FB321BEF34D3005FFC94 /* Publish */ = {
			isa = PBXGroup;
			children = (
				CB13FB331BEF34ED005FFC94 /* LZMPublishModel.h */,
				CB13FB341BEF34ED005FFC94 /* LZMPublishModel.m */,
				CB13FB391BEF9F29005FFC94 /* LZMLocationModel.h */,
				CB13FB3A1BEF9F29005FFC94 /* LZMLocationModel.m */,
			);
			path = Publish;
			sourceTree = "<group>";
		};
		CB13FB411BEFB853005FFC94 /* ViewDetail */ = {
			isa = PBXGroup;
			children = (
				CB13FB421BEFB86A005FFC94 /* LZMViewDetailController.h */,
				CB13FB431BEFB86A005FFC94 /* LZMViewDetailController.m */,
			);
			path = ViewDetail;
			sourceTree = "<group>";
		};
		CB13FB451BEFC49F005FFC94 /* DetailView */ = {
			isa = PBXGroup;
			children = (
				CB13FB461BEFC4BE005FFC94 /* LZMDetailViewRequest.h */,
				CB13FB471BEFC4BE005FFC94 /* LZMDetailViewRequest.m */,
			);
			path = DetailView;
			sourceTree = "<group>";
		};
		CB13FB491BEFD35E005FFC94 /* DetailView */ = {
			isa = PBXGroup;
			children = (
				CB13FB4A1BEFD36E005FFC94 /* LZMCommentModel.h */,
				CB13FB4B1BEFD36E005FFC94 /* LZMCommentModel.m */,
			);
			path = DetailView;
			sourceTree = "<group>";
		};
		CBD6FD251BE8589B006A0E65 = {
			isa = PBXGroup;
			children = (
				CB0A432D1BEA809A00AAC5E0 /* QuartzCore.framework */,
				CB0A432B1BEA7FE600AAC5E0 /* UIKit.framework */,
				CBD6FD301BE8589B006A0E65 /* LZIOSPro_Moran */,
				CBD6FD4A1BE8589B006A0E65 /* LZIOSPro_MoranTests */,
				CBD6FD2F1BE8589B006A0E65 /* Products */,
			);
			sourceTree = "<group>";
		};
		CBD6FD2F1BE8589B006A0E65 /* Products */ = {
			isa = PBXGroup;
			children = (
				CBD6FD2E1BE8589B006A0E65 /* LZIOSPro_Moran.app */,
				CBD6FD471BE8589B006A0E65 /* LZIOSPro_MoranTests.xctest */,
			);
			name = Products;
			sourceTree = "<group>";
		};
		CBD6FD301BE8589B006A0E65 /* LZIOSPro_Moran */ = {
			isa = PBXGroup;
			children = (
				CB0A43251BEA648E00AAC5E0 /* Reveal.framework */,
				CBD6FDCF1BE8E3B6006A0E65 /* Global */,
				CBD6FD571BE85B48006A0E65 /* APP */,
				CBD6FD5A1BE85B48006A0E65 /* Controllers */,
				CBD6FD5E1BE85B48006A0E65 /* Library */,
				CBD6FD5F1BE85B48006A0E65 /* Models */,
				CBD6FD631BE85B48006A0E65 /* Public */,
				CBD6FD6A1BE85B48006A0E65 /* Resources */,
				CBD6FD6E1BE85B48006A0E65 /* Supproting files */,
				CBD6FD711BE85B48006A0E65 /* Views */,
			);
			path = LZIOSPro_Moran;
			sourceTree = "<group>";
		};
		CBD6FD4A1BE8589B006A0E65 /* LZIOSPro_MoranTests */ = {
			isa = PBXGroup;
			children = (
				CBD6FD4D1BE8589B006A0E65 /* LZIOSPro_MoranTests.m */,
				CBD6FDB01BE86ED3006A0E65 /* Info.plist */,
			);
			path = LZIOSPro_MoranTests;
			sourceTree = "<group>";
		};
		CBD6FD571BE85B48006A0E65 /* APP */ = {
			isa = PBXGroup;
			children = (
				CBD6FD581BE85B48006A0E65 /* AppDelegate.h */,
				CBD6FD591BE85B48006A0E65 /* AppDelegate.m */,
			);
			path = APP;
			sourceTree = "<group>";
		};
		CBD6FD5A1BE85B48006A0E65 /* Controllers */ = {
			isa = PBXGroup;
			children = (
				CB13FB411BEFB853005FFC94 /* ViewDetail */,
				CBD6FD821BE85C5C006A0E65 /* Publish */,
				CB0A43771BED305A00AAC5E0 /* LZTabBarController */,
				CBD6FD5B1BE85B48006A0E65 /* LoginAndRegister */,
				CBD6FD5C1BE85B48006A0E65 /* My */,
				CBD6FD5D1BE85B48006A0E65 /* Square */,
				CB0A43741BEC9DA600AAC5E0 /* LZMMainTabBarController.h */,
				CB0A43751BEC9DA600AAC5E0 /* LZMMainTabBarController.m */,
			);
			path = Controllers;
			sourceTree = "<group>";
		};
		CBD6FD5B1BE85B48006A0E65 /* LoginAndRegister */ = {
			isa = PBXGroup;
			children = (
				CBD6FD7C1BE85BFD006A0E65 /* LZMLoginViewControllers.h */,
				CBD6FD7D1BE85BFD006A0E65 /* LZMLoginViewControllers.m */,
				CBD6FDCA1BE8861A006A0E65 /* LZMRegisterViewController.h */,
				CBD6FDCB1BE8861A006A0E65 /* LZMRegisterViewController.m */,
			);
			path = LoginAndRegister;
			sourceTree = "<group>";
		};
		CBD6FD5C1BE85B48006A0E65 /* My */ = {
			isa = PBXGroup;
			children = (
				CBD6FD7F1BE85C1F006A0E65 /* LZMMyViewController.h */,
				CBD6FD801BE85C1F006A0E65 /* LZMMyViewController.m */,
				CBD6FDD51BE909CC006A0E65 /* LZMNickNameViewController.h */,
				CBD6FDD61BE909CC006A0E65 /* LZMNickNameViewController.m */,
				CBD6FDD81BE909E2006A0E65 /* LZMHeadImageViewController.h */,
				CBD6FDD91BE909E2006A0E65 /* LZMHeadImageViewController.m */,
				CBD6FDE21BE9296F006A0E65 /* LZMFollowAndHomeViewController.h */,
				CBD6FDE31BE9296F006A0E65 /* LZMFollowAndHomeViewController.m */,
			);
			path = My;
			sourceTree = "<group>";
		};
		CBD6FD5D1BE85B48006A0E65 /* Square */ = {
			isa = PBXGroup;
			children = (
				CBD6FDE91BE98400006A0E65 /* LZMSquareController.h */,
				CBD6FDEA1BE98400006A0E65 /* LZMSquareController.m */,
			);
			path = Square;
			sourceTree = "<group>";
		};
		CBD6FD5E1BE85B48006A0E65 /* Library */ = {
			isa = PBXGroup;
			children = (
				CB0A432F1BEA84A500AAC5E0 /* MJRefresh */,
				CB0A43271BEA7C6900AAC5E0 /* kxMenu */,
				CBD6FDF91BE9A3B8006A0E65 /* SDWebImage */,
			);
			path = Library;
			sourceTree = "<group>";
		};
		CBD6FD5F1BE85B48006A0E65 /* Models */ = {
			isa = PBXGroup;
			children = (
				CB13FB491BEFD35E005FFC94 /* DetailView */,
				CB13FB321BEF34D3005FFC94 /* Publish */,
				CBD6FD601BE85B48006A0E65 /* Picture */,
				CBD6FD611BE85B48006A0E65 /* Square */,
				CBD6FD621BE85B48006A0E65 /* User */,
			);
			path = Models;
			sourceTree = "<group>";
		};
		CBD6FD601BE85B48006A0E65 /* Picture */ = {
			isa = PBXGroup;
			children = (
				CBD6FD8F1BE85D4F006A0E65 /* LZMPictureModel.h */,
				CBD6FD901BE85D4F006A0E65 /* LZMPictureModel.m */,
			);
			path = Picture;
			sourceTree = "<group>";
		};
		CBD6FD611BE85B48006A0E65 /* Square */ = {
			isa = PBXGroup;
			children = (
				CBD6FD921BE85D60006A0E65 /* LZMSquareModel.h */,
				CBD6FD931BE85D60006A0E65 /* LZMSquareModel.m */,
			);
			path = Square;
			sourceTree = "<group>";
		};
		CBD6FD621BE85B48006A0E65 /* User */ = {
			isa = PBXGroup;
			children = (
				CBD6FD951BE85D70006A0E65 /* LZMUserModel.h */,
				CBD6FD961BE85D70006A0E65 /* LZMUserModel.m */,
			);
			path = User;
			sourceTree = "<group>";
		};
		CBD6FD631BE85B48006A0E65 /* Public */ = {
			isa = PBXGroup;
			children = (
				CBD6FDC31BE873A3006A0E65 /* MBProgressHUD */,
				CBD6FD641BE85B48006A0E65 /* Network */,
			);
			path = Public;
			sourceTree = "<group>";
		};
		CBD6FD641BE85B48006A0E65 /* Network */ = {
			isa = PBXGroup;
			children = (
				CBD6FD651BE85B48006A0E65 /* Parsers */,
				CBD6FD661BE85B48006A0E65 /* Requests */,
				CBD6FD691BE85B48006A0E65 /* Utilities */,
			);
			path = Network;
			sourceTree = "<group>";
		};
		CBD6FD651BE85B48006A0E65 /* Parsers */ = {
			isa = PBXGroup;
			children = (
				CBD6FDA41BE85E0F006A0E65 /* LZMLoginRequestParser.h */,
				CBD6FDA51BE85E0F006A0E65 /* LZMLoginRequestParser.m */,
				CBD6FDA71BE85E2A006A0E65 /* LZMRegisterRequestParser.h */,
				CBD6FDA81BE85E2A006A0E65 /* LZMRegisterRequestParser.m */,
				CBD6FDF61BE99307006A0E65 /* LZMSquareRequestParser.h */,
				CBD6FDF71BE99307006A0E65 /* LZMSquareRequestParser.m */,
				CB13FB361BEF3520005FFC94 /* LZMPublishParser.h */,
				CB13FB371BEF3520005FFC94 /* LZMPublishParser.m */,
				CB13FB3C1BEF9FCE005FFC94 /* LZMLocationParser.h */,
				CB13FB3D1BEF9FCE005FFC94 /* LZMLocationParser.m */,
			);
			path = Parsers;
			sourceTree = "<group>";
		};
		CBD6FD661BE85B48006A0E65 /* Requests */ = {
			isa = PBXGroup;
			children = (
				CB13FB451BEFC49F005FFC94 /* DetailView */,
				CBD6FDF21BE986D8006A0E65 /* Square */,
				CBD6FDDE1BE91D67006A0E65 /* My */,
				CBD6FD671BE85B48006A0E65 /* LoginAndRegister */,
				CBD6FD681BE85B48006A0E65 /* Publish */,
			);
			path = Requests;
			sourceTree = "<group>";
		};
		CBD6FD671BE85B48006A0E65 /* LoginAndRegister */ = {
			isa = PBXGroup;
			children = (
				CBD6FDDB1BE9134C006A0E65 /* LZMHeadimageRequest.h */,
				CBD6FDDC1BE9134C006A0E65 /* LZMHeadimageRequest.m */,
				CBD6FD981BE85D9E006A0E65 /* LZMLoginRequest.h */,
				CBD6FD991BE85D9E006A0E65 /* LZMLoginRequest.m */,
				CBD6FD9B1BE85DBA006A0E65 /* LZMRegisterRequest.h */,
				CBD6FD9C1BE85DBA006A0E65 /* LZMRegisterRequest.m */,
			);
			path = LoginAndRegister;
			sourceTree = "<group>";
		};
		CBD6FD681BE85B48006A0E65 /* Publish */ = {
			isa = PBXGroup;
			children = (
				CBD6FD9E1BE85DCB006A0E65 /* LZMPublishRequest.h */,
				CBD6FD9F1BE85DCB006A0E65 /* LZMPublishRequest.m */,
			);
			path = Publish;
			sourceTree = "<group>";
		};
		CBD6FD691BE85B48006A0E65 /* Utilities */ = {
			isa = PBXGroup;
			children = (
				CBD6FDC71BE87C47006A0E65 /* BLMultipartForm.h */,
				CBD6FDC81BE87C47006A0E65 /* BLMultipartForm.m */,
				CB13FB4D1BEFD571005FFC94 /* UIColor+LZMAddColor.h */,
				CB13FB4E1BEFD571005FFC94 /* UIColor+LZMAddColor.m */,
			);
			path = Utilities;
			sourceTree = "<group>";
		};
		CBD6FD6A1BE85B48006A0E65 /* Resources */ = {
			isa = PBXGroup;
			children = (
				CBD6FD6B1BE85B48006A0E65 /* Images.xcassets */,
				CBD6FD6C1BE85B48006A0E65 /* LaunchScreen.xib */,
				CBD6FDAE1BE861EA006A0E65 /* Main.xcassets */,
			);
			path = Resources;
			sourceTree = "<group>";
		};
		CBD6FD6E1BE85B48006A0E65 /* Supproting files */ = {
			isa = PBXGroup;
			children = (
				CBD6FD6F1BE85B48006A0E65 /* Info.plist */,
				CBD6FD701BE85B48006A0E65 /* main.m */,
			);
			path = "Supproting files";
			sourceTree = "<group>";
		};
		CBD6FD711BE85B48006A0E65 /* Views */ = {
			isa = PBXGroup;
			children = (
				CBD6FD721BE85B48006A0E65 /* Cell */,
				CBD6FD731BE85B48006A0E65 /* Storyboard */,
			);
			path = Views;
			sourceTree = "<group>";
		};
		CBD6FD721BE85B48006A0E65 /* Cell */ = {
			isa = PBXGroup;
			children = (
				CBD6FDEC1BE984A7006A0E65 /* LZMSquareCell.h */,
				CBD6FDED1BE984A7006A0E65 /* LZMSquareCell.m */,
				CBD6FDEF1BE984DA006A0E65 /* LZMSquareCollectionCell.h */,
				CBD6FDF01BE984DA006A0E65 /* LZMSquareCollectionCell.m */,
				CB13FB2D1BEEF340005FFC94 /* LZMPublishCell.h */,
				CB13FB2E1BEEF340005FFC94 /* LZMPublishCell.m */,
				CB13FB2F1BEEF340005FFC94 /* LZMPublishCell.xib */,
				CB13FB501BEFD957005FFC94 /* LZMCommenCell.h */,
				CB13FB511BEFD957005FFC94 /* LZMCommenCell.m */,
			);
			path = Cell;
			sourceTree = "<group>";
		};
		CBD6FD731BE85B48006A0E65 /* Storyboard */ = {
			isa = PBXGroup;
			children = (
				CBD6FD861BE85CDB006A0E65 /* LZMLoginAndRegister.storyboard */,
				CBD6FD881BE85CF3006A0E65 /* LZMSquare.storyboard */,
				CBD6FD8A1BE85D01006A0E65 /* LZMPublish.storyboard */,
				CBD6FDCD1BE8DD43006A0E65 /* LZMMy.storyboard */,
				CB13FB3F1BEFB7CD005FFC94 /* LZMViewDetail.storyboard */,
			);
			path = Storyboard;
			sourceTree = "<group>";
		};
		CBD6FD821BE85C5C006A0E65 /* Publish */ = {
			isa = PBXGroup;
			children = (
				CB0A43711BEC941500AAC5E0 /* LZMPublishViewController.h */,
				CB0A43721BEC941500AAC5E0 /* LZMPublishViewController.m */,
			);
			name = Publish;
			path = Square/Publish;
			sourceTree = "<group>";
		};
		CBD6FDC31BE873A3006A0E65 /* MBProgressHUD */ = {
			isa = PBXGroup;
			children = (
				CBD6FDC41BE873A3006A0E65 /* MBProgressHUD.h */,
				CBD6FDC51BE873A3006A0E65 /* MBProgressHUD.m */,
			);
			path = MBProgressHUD;
			sourceTree = "<group>";
		};
		CBD6FDCF1BE8E3B6006A0E65 /* Global */ = {
			isa = PBXGroup;
			children = (
				CBD6FDD01BE8E3CE006A0E65 /* LZMGlobal.h */,
				CBD6FDD11BE8E3CE006A0E65 /* LZMGlobal.m */,
			);
			path = Global;
			sourceTree = "<group>";
		};
		CBD6FDDE1BE91D67006A0E65 /* My */ = {
			isa = PBXGroup;
			children = (
				CBD6FDDF1BE91D7E006A0E65 /* LZMReNameRequest.h */,
				CBD6FDE01BE91D7E006A0E65 /* LZMReNameRequest.m */,
				CBD6FDE51BE92F1D006A0E65 /* LZMChangeImageRequest.h */,
				CBD6FDE61BE92F1D006A0E65 /* LZMChangeImageRequest.m */,
			);
			path = My;
			sourceTree = "<group>";
		};
		CBD6FDF21BE986D8006A0E65 /* Square */ = {
			isa = PBXGroup;
			children = (
				CBD6FDF31BE986F1006A0E65 /* LZMSquareRequest.h */,
				CBD6FDF41BE986F1006A0E65 /* LZMSquareRequest.m */,
			);
			path = Square;
			sourceTree = "<group>";
		};
		CBD6FDF91BE9A3B8006A0E65 /* SDWebImage */ = {
			isa = PBXGroup;
			children = (
				CBD6FDFA1BE9A3B8006A0E65 /* MKAnnotationView+WebCache.h */,
				CBD6FDFB1BE9A3B8006A0E65 /* MKAnnotationView+WebCache.m */,
				CBD6FDFC1BE9A3B8006A0E65 /* NSData+ImageContentType.h */,
				CBD6FDFD1BE9A3B8006A0E65 /* NSData+ImageContentType.m */,
				CBD6FDFE1BE9A3B8006A0E65 /* SDImageCache.h */,
				CBD6FDFF1BE9A3B8006A0E65 /* SDImageCache.m */,
				CBD6FE001BE9A3B8006A0E65 /* SDWebImageCompat.h */,
				CBD6FE011BE9A3B8006A0E65 /* SDWebImageCompat.m */,
				CBD6FE021BE9A3B8006A0E65 /* SDWebImageDecoder.h */,
				CBD6FE031BE9A3B8006A0E65 /* SDWebImageDecoder.m */,
				CBD6FE041BE9A3B8006A0E65 /* SDWebImageDownloader.h */,
				CBD6FE051BE9A3B8006A0E65 /* SDWebImageDownloader.m */,
				CBD6FE061BE9A3B8006A0E65 /* SDWebImageDownloaderOperation.h */,
				CBD6FE071BE9A3B8006A0E65 /* SDWebImageDownloaderOperation.m */,
				CBD6FE081BE9A3B8006A0E65 /* SDWebImageManager.h */,
				CBD6FE091BE9A3B8006A0E65 /* SDWebImageManager.m */,
				CBD6FE0A1BE9A3B8006A0E65 /* SDWebImageOperation.h */,
				CBD6FE0B1BE9A3B8006A0E65 /* SDWebImagePrefetcher.h */,
				CBD6FE0C1BE9A3B8006A0E65 /* SDWebImagePrefetcher.m */,
				CBD6FE0D1BE9A3B8006A0E65 /* UIButton+WebCache.h */,
				CBD6FE0E1BE9A3B8006A0E65 /* UIButton+WebCache.m */,
				CBD6FE0F1BE9A3B8006A0E65 /* UIImage+GIF.h */,
				CBD6FE101BE9A3B8006A0E65 /* UIImage+GIF.m */,
				CBD6FE111BE9A3B8006A0E65 /* UIImage+MultiFormat.h */,
				CBD6FE121BE9A3B8006A0E65 /* UIImage+MultiFormat.m */,
				CBD6FE131BE9A3B8006A0E65 /* UIImage+WebP.h */,
				CBD6FE141BE9A3B8006A0E65 /* UIImage+WebP.m */,
				CBD6FE151BE9A3B8006A0E65 /* UIImageView+HighlightedWebCache.h */,
				CBD6FE161BE9A3B8006A0E65 /* UIImageView+HighlightedWebCache.m */,
				CBD6FE171BE9A3B8006A0E65 /* UIImageView+WebCache.h */,
				CBD6FE181BE9A3B8006A0E65 /* UIImageView+WebCache.m */,
				CBD6FE191BE9A3B8006A0E65 /* UIView+WebCacheOperation.h */,
				CBD6FE1A1BE9A3B8006A0E65 /* UIView+WebCacheOperation.m */,
			);
			path = SDWebImage;
			sourceTree = "<group>";
		};
/* End PBXGroup section */

/* Begin PBXNativeTarget section */
		CBD6FD2D1BE8589B006A0E65 /* LZIOSPro_Moran */ = {
			isa = PBXNativeTarget;
			buildConfigurationList = CBD6FD511BE8589B006A0E65 /* Build configuration list for PBXNativeTarget "LZIOSPro_Moran" */;
			buildPhases = (
				CBD6FD2A1BE8589B006A0E65 /* Sources */,
				CBD6FD2B1BE8589B006A0E65 /* Frameworks */,
				CBD6FD2C1BE8589B006A0E65 /* Resources */,
			);
			buildRules = (
			);
			dependencies = (
			);
			name = LZIOSPro_Moran;
			productName = LZIOSPro_Moran;
			productReference = CBD6FD2E1BE8589B006A0E65 /* LZIOSPro_Moran.app */;
			productType = "com.apple.product-type.application";
		};
		CBD6FD461BE8589B006A0E65 /* LZIOSPro_MoranTests */ = {
			isa = PBXNativeTarget;
			buildConfigurationList = CBD6FD541BE8589B006A0E65 /* Build configuration list for PBXNativeTarget "LZIOSPro_MoranTests" */;
			buildPhases = (
				CBD6FD431BE8589B006A0E65 /* Sources */,
				CBD6FD441BE8589B006A0E65 /* Frameworks */,
				CBD6FD451BE8589B006A0E65 /* Resources */,
			);
			buildRules = (
			);
			dependencies = (
				CBD6FD491BE8589B006A0E65 /* PBXTargetDependency */,
			);
			name = LZIOSPro_MoranTests;
			productName = LZIOSPro_MoranTests;
			productReference = CBD6FD471BE8589B006A0E65 /* LZIOSPro_MoranTests.xctest */;
			productType = "com.apple.product-type.bundle.unit-test";
		};
/* End PBXNativeTarget section */

/* Begin PBXProject section */
		CBD6FD261BE8589B006A0E65 /* Project object */ = {
			isa = PBXProject;
			attributes = {
				CLASSPREFIX = LZM;
				LastUpgradeCheck = 0630;
				ORGANIZATIONNAME = com.comst1314;
				TargetAttributes = {
					CBD6FD2D1BE8589B006A0E65 = {
						CreatedOnToolsVersion = 6.3.2;
					};
					CBD6FD461BE8589B006A0E65 = {
						CreatedOnToolsVersion = 6.3.2;
						TestTargetID = CBD6FD2D1BE8589B006A0E65;
					};
				};
			};
			buildConfigurationList = CBD6FD291BE8589B006A0E65 /* Build configuration list for PBXProject "LZIOSPro_Moran" */;
			compatibilityVersion = "Xcode 3.2";
			developmentRegion = English;
			hasScannedForEncodings = 0;
			knownRegions = (
				en,
				Base,
			);
			mainGroup = CBD6FD251BE8589B006A0E65;
			productRefGroup = CBD6FD2F1BE8589B006A0E65 /* Products */;
			projectDirPath = "";
			projectRoot = "";
			targets = (
				CBD6FD2D1BE8589B006A0E65 /* LZIOSPro_Moran */,
				CBD6FD461BE8589B006A0E65 /* LZIOSPro_MoranTests */,
			);
		};
/* End PBXProject section */

/* Begin PBXResourcesBuildPhase section */
		CBD6FD2C1BE8589B006A0E65 /* Resources */ = {
			isa = PBXResourcesBuildPhase;
			buildActionMask = 2147483647;
			files = (
				CBD6FDAF1BE861EA006A0E65 /* Main.xcassets in Resources */,
				CBD6FDCE1BE8DD43006A0E65 /* LZMMy.storyboard in Resources */,
				CBD6FD771BE85B48006A0E65 /* LaunchScreen.xib in Resources */,
				CB13FB401BEFB7CD005FFC94 /* LZMViewDetail.storyboard in Resources */,
				CBD6FD871BE85CDB006A0E65 /* LZMLoginAndRegister.storyboard in Resources */,
				CBD6FD891BE85CF3006A0E65 /* LZMSquare.storyboard in Resources */,
				CBD6FD8B1BE85D01006A0E65 /* LZMPublish.storyboard in Resources */,
				CB0A436A1BEA84A500AAC5E0 /* MJRefresh.bundle in Resources */,
				CBD6FD761BE85B48006A0E65 /* Images.xcassets in Resources */,
				CB13FB311BEEF340005FFC94 /* LZMPublishCell.xib in Resources */,
			);
			runOnlyForDeploymentPostprocessing = 0;
		};
		CBD6FD451BE8589B006A0E65 /* Resources */ = {
			isa = PBXResourcesBuildPhase;
			buildActionMask = 2147483647;
			files = (
				CBD6FDB11BE86ED3006A0E65 /* Info.plist in Resources */,
			);
			runOnlyForDeploymentPostprocessing = 0;
		};
/* End PBXResourcesBuildPhase section */

/* Begin PBXSourcesBuildPhase section */
		CBD6FD2A1BE8589B006A0E65 /* Sources */ = {
			isa = PBXSourcesBuildPhase;
			buildActionMask = 2147483647;
			files = (
				CBD6FDD21BE8E3CE006A0E65 /* LZMGlobal.m in Sources */,
				CBD6FDEB1BE98400006A0E65 /* LZMSquareController.m in Sources */,
				CBD6FE221BE9A3B8006A0E65 /* SDWebImageManager.m in Sources */,
				CB13FB351BEF34ED005FFC94 /* LZMPublishModel.m in Sources */,
				CB13FB381BEF3520005FFC94 /* LZMPublishParser.m in Sources */,
				CB0A43761BEC9DA600AAC5E0 /* LZMMainTabBarController.m in Sources */,
				CB13FB3E1BEF9FCE005FFC94 /* LZMLocationParser.m in Sources */,
				CBD6FE231BE9A3B8006A0E65 /* SDWebImagePrefetcher.m in Sources */,
				CBD6FD941BE85D60006A0E65 /* LZMSquareModel.m in Sources */,
				CBD6FDDD1BE9134C006A0E65 /* LZMHeadimageRequest.m in Sources */,
				CB0A435D1BEA84A500AAC5E0 /* MJRefreshBackFooter.m in Sources */,
				CBD6FDE11BE91D7E006A0E65 /* LZMReNameRequest.m in Sources */,
				CBD6FE2A1BE9A3B8006A0E65 /* UIView+WebCacheOperation.m in Sources */,
				CBD6FDDA1BE909E2006A0E65 /* LZMHeadImageViewController.m in Sources */,
				CB0A436B1BEA84A500AAC5E0 /* MJRefreshConst.m in Sources */,
				CBD6FE211BE9A3B8006A0E65 /* SDWebImageDownloaderOperation.m in Sources */,
				CB0A43661BEA84A500AAC5E0 /* MJRefreshBackStateFooter.m in Sources */,
				CBD6FDE41BE9296F006A0E65 /* LZMFollowAndHomeViewController.m in Sources */,
				CBD6FDF11BE984DA006A0E65 /* LZMSquareCollectionCell.m in Sources */,
				CBD6FD811BE85C1F006A0E65 /* LZMMyViewController.m in Sources */,
				CBD6FD7E1BE85BFD006A0E65 /* LZMLoginViewControllers.m in Sources */,
				CBD6FD971BE85D70006A0E65 /* LZMUserModel.m in Sources */,
				CBD6FDD71BE909CC006A0E65 /* LZMNickNameViewController.m in Sources */,
				CBD6FD911BE85D4F006A0E65 /* LZMPictureModel.m in Sources */,
				CBD6FDF81BE99307006A0E65 /* LZMSquareRequestParser.m in Sources */,
				CB0A43731BEC941500AAC5E0 /* LZMPublishViewController.m in Sources */,
				CB13FB521BEFD957005FFC94 /* LZMCommenCell.m in Sources */,
				CBD6FDA91BE85E2A006A0E65 /* LZMRegisterRequestParser.m in Sources */,
				CBD6FE251BE9A3B8006A0E65 /* UIImage+GIF.m in Sources */,
				CBD6FDA01BE85DCB006A0E65 /* LZMPublishRequest.m in Sources */,
				CBD6FDCC1BE8861A006A0E65 /* LZMRegisterViewController.m in Sources */,
				CBD6FD9A1BE85D9E006A0E65 /* LZMLoginRequest.m in Sources */,
				CB0A43691BEA84A500AAC5E0 /* MJRefreshStateHeader.m in Sources */,
				CBD6FE291BE9A3B8006A0E65 /* UIImageView+WebCache.m in Sources */,
				CBD6FE241BE9A3B8006A0E65 /* UIButton+WebCache.m in Sources */,
				CBD6FE201BE9A3B8006A0E65 /* SDWebImageDownloader.m in Sources */,
				CB0A43601BEA84A500AAC5E0 /* MJRefreshHeader.m in Sources */,
				CB0A436D1BEA84A500AAC5E0 /* UIScrollView+MJRefresh.m in Sources */,
				CB0A43651BEA84A500AAC5E0 /* MJRefreshBackNormalFooter.m in Sources */,
				CBD6FE271BE9A3B8006A0E65 /* UIImage+WebP.m in Sources */,
				CBD6FE261BE9A3B8006A0E65 /* UIImage+MultiFormat.m in Sources */,
				CBD6FD9D1BE85DBA006A0E65 /* LZMRegisterRequest.m in Sources */,
				CBD6FDC91BE87C47006A0E65 /* BLMultipartForm.m in Sources */,
				CB0A436E1BEA84A500AAC5E0 /* UIView+MJExtension.m in Sources */,
				CBD6FE1E1BE9A3B8006A0E65 /* SDWebImageCompat.m in Sources */,
				CBD6FDEE1BE984A7006A0E65 /* LZMSquareCell.m in Sources */,
				CBD6FE1F1BE9A3B8006A0E65 /* SDWebImageDecoder.m in Sources */,
				CBD6FE1D1BE9A3B8006A0E65 /* SDImageCache.m in Sources */,
				CB0A43641BEA84A500AAC5E0 /* MJRefreshBackGifFooter.m in Sources */,
				CBD6FE1B1BE9A3B8006A0E65 /* MKAnnotationView+WebCache.m in Sources */,
				CBD6FDF51BE986F1006A0E65 /* LZMSquareRequest.m in Sources */,
				CBD6FD7A1BE85B48006A0E65 /* main.m in Sources */,
				CB0A43681BEA84A500AAC5E0 /* MJRefreshNormalHeader.m in Sources */,
				CBD6FD751BE85B48006A0E65 /* AppDelegate.m in Sources */,
				CBD6FDA61BE85E0F006A0E65 /* LZMLoginRequestParser.m in Sources */,
				CB0A437E1BED306D00AAC5E0 /* CYLTabBar.m in Sources */,
				CB13FB4C1BEFD36E005FFC94 /* LZMCommentModel.m in Sources */,
				CB0A43611BEA84A500AAC5E0 /* MJRefreshAutoGifFooter.m in Sources */,
				CB0A43631BEA84A500AAC5E0 /* MJRefreshAutoStateFooter.m in Sources */,
				CB0A43831BED30ED00AAC5E0 /* LZMPublishButton.m in Sources */,
				CBD6FE1C1BE9A3B8006A0E65 /* NSData+ImageContentType.m in Sources */,
				CB13FB3B1BEF9F29005FFC94 /* LZMLocationModel.m in Sources */,
				CBD6FE281BE9A3B8006A0E65 /* UIImageView+HighlightedWebCache.m in Sources */,
				CB0A43671BEA84A500AAC5E0 /* MJRefreshGifHeader.m in Sources */,
				CB0A43801BED306D00AAC5E0 /* CYLPlusButton.m in Sources */,
				CB0A432A1BEA7C6900AAC5E0 /* KxMenu.m in Sources */,
				CB13FB301BEEF340005FFC94 /* LZMPublishCell.m in Sources */,
				CB0A435C1BEA84A500AAC5E0 /* MJRefreshAutoFooter.m in Sources */,
				CB0A43621BEA84A500AAC5E0 /* MJRefreshAutoNormalFooter.m in Sources */,
				CB13FB481BEFC4BE005FFC94 /* LZMDetailViewRequest.m in Sources */,
				CB13FB441BEFB86A005FFC94 /* LZMViewDetailController.m in Sources */,
				CB13FB4F1BEFD571005FFC94 /* UIColor+LZMAddColor.m in Sources */,
				CB0A435E1BEA84A500AAC5E0 /* MJRefreshComponent.m in Sources */,
				CB0A437F1BED306D00AAC5E0 /* CYLTabBarController.m in Sources */,
				CBD6FDC61BE873A3006A0E65 /* MBProgressHUD.m in Sources */,
				CBD6FDE71BE92F1D006A0E65 /* LZMChangeImageRequest.m in Sources */,
				CB0A436C1BEA84A500AAC5E0 /* UIScrollView+MJExtension.m in Sources */,
				CB0A435F1BEA84A500AAC5E0 /* MJRefreshFooter.m in Sources */,
			);
			runOnlyForDeploymentPostprocessing = 0;
		};
		CBD6FD431BE8589B006A0E65 /* Sources */ = {
			isa = PBXSourcesBuildPhase;
			buildActionMask = 2147483647;
			files = (
				CBD6FD4E1BE8589B006A0E65 /* LZIOSPro_MoranTests.m in Sources */,
			);
			runOnlyForDeploymentPostprocessing = 0;
		};
/* End PBXSourcesBuildPhase section */

/* Begin PBXTargetDependency section */
		CBD6FD491BE8589B006A0E65 /* PBXTargetDependency */ = {
			isa = PBXTargetDependency;
			target = CBD6FD2D1BE8589B006A0E65 /* LZIOSPro_Moran */;
			targetProxy = CBD6FD481BE8589B006A0E65 /* PBXContainerItemProxy */;
		};
/* End PBXTargetDependency section */

/* Begin XCBuildConfiguration section */
		CBD6FD4F1BE8589B006A0E65 /* Debug */ = {
			isa = XCBuildConfiguration;
			buildSettings = {
				ALWAYS_SEARCH_USER_PATHS = NO;
				CLANG_CXX_LANGUAGE_STANDARD = "gnu++0x";
				CLANG_CXX_LIBRARY = "libc++";
				CLANG_ENABLE_MODULES = YES;
				CLANG_ENABLE_OBJC_ARC = YES;
				CLANG_WARN_BOOL_CONVERSION = YES;
				CLANG_WARN_CONSTANT_CONVERSION = YES;
				CLANG_WARN_DIRECT_OBJC_ISA_USAGE = YES_ERROR;
				CLANG_WARN_EMPTY_BODY = YES;
				CLANG_WARN_ENUM_CONVERSION = YES;
				CLANG_WARN_INT_CONVERSION = YES;
				CLANG_WARN_OBJC_ROOT_CLASS = YES_ERROR;
				CLANG_WARN_UNREACHABLE_CODE = YES;
				CLANG_WARN__DUPLICATE_METHOD_MATCH = YES;
				CODE_SIGN_IDENTITY = "iPhone Distribution: Zhao Liu (6RLR7J2EXS)";
				"CODE_SIGN_IDENTITY[sdk=iphoneos*]" = "iPhone Distribution: Zhao Liu (6RLR7J2EXS)";
				COPY_PHASE_STRIP = NO;
				DEBUG_INFORMATION_FORMAT = "dwarf-with-dsym";
				ENABLE_STRICT_OBJC_MSGSEND = YES;
				GCC_C_LANGUAGE_STANDARD = gnu99;
				GCC_DYNAMIC_NO_PIC = NO;
				GCC_NO_COMMON_BLOCKS = YES;
				GCC_OPTIMIZATION_LEVEL = 0;
				GCC_PREPROCESSOR_DEFINITIONS = (
					"DEBUG=1",
					"$(inherited)",
				);
				GCC_SYMBOLS_PRIVATE_EXTERN = NO;
				GCC_WARN_64_TO_32_BIT_CONVERSION = YES;
				GCC_WARN_ABOUT_RETURN_TYPE = YES_ERROR;
				GCC_WARN_UNDECLARED_SELECTOR = YES;
				GCC_WARN_UNINITIALIZED_AUTOS = YES_AGGRESSIVE;
				GCC_WARN_UNUSED_FUNCTION = YES;
				GCC_WARN_UNUSED_VARIABLE = YES;
				IPHONEOS_DEPLOYMENT_TARGET = 8.3;
				MTL_ENABLE_DEBUG_INFO = YES;
				ONLY_ACTIVE_ARCH = YES;
				PROVISIONING_PROFILE = "91ba068a-cc2a-4843-8480-b7404418afbd";
				SDKROOT = iphoneos;
			};
			name = Debug;
		};
		CBD6FD501BE8589B006A0E65 /* Release */ = {
			isa = XCBuildConfiguration;
			buildSettings = {
				ALWAYS_SEARCH_USER_PATHS = NO;
				CLANG_CXX_LANGUAGE_STANDARD = "gnu++0x";
				CLANG_CXX_LIBRARY = "libc++";
				CLANG_ENABLE_MODULES = YES;
				CLANG_ENABLE_OBJC_ARC = YES;
				CLANG_WARN_BOOL_CONVERSION = YES;
				CLANG_WARN_CONSTANT_CONVERSION = YES;
				CLANG_WARN_DIRECT_OBJC_ISA_USAGE = YES_ERROR;
				CLANG_WARN_EMPTY_BODY = YES;
				CLANG_WARN_ENUM_CONVERSION = YES;
				CLANG_WARN_INT_CONVERSION = YES;
				CLANG_WARN_OBJC_ROOT_CLASS = YES_ERROR;
				CLANG_WARN_UNREACHABLE_CODE = YES;
				CLANG_WARN__DUPLICATE_METHOD_MATCH = YES;
				CODE_SIGN_IDENTITY = "iPhone Distribution: Zhao Liu (6RLR7J2EXS)";
				"CODE_SIGN_IDENTITY[sdk=iphoneos*]" = "iPhone Distribution: Zhao Liu (6RLR7J2EXS)";
				COPY_PHASE_STRIP = NO;
				DEBUG_INFORMATION_FORMAT = "dwarf-with-dsym";
				ENABLE_NS_ASSERTIONS = NO;
				ENABLE_STRICT_OBJC_MSGSEND = YES;
				GCC_C_LANGUAGE_STANDARD = gnu99;
				GCC_NO_COMMON_BLOCKS = YES;
				GCC_WARN_64_TO_32_BIT_CONVERSION = YES;
				GCC_WARN_ABOUT_RETURN_TYPE = YES_ERROR;
				GCC_WARN_UNDECLARED_SELECTOR = YES;
				GCC_WARN_UNINITIALIZED_AUTOS = YES_AGGRESSIVE;
				GCC_WARN_UNUSED_FUNCTION = YES;
				GCC_WARN_UNUSED_VARIABLE = YES;
				IPHONEOS_DEPLOYMENT_TARGET = 8.3;
				MTL_ENABLE_DEBUG_INFO = NO;
				PROVISIONING_PROFILE = "91ba068a-cc2a-4843-8480-b7404418afbd";
				SDKROOT = iphoneos;
				VALIDATE_PRODUCT = YES;
			};
			name = Release;
		};
		CBD6FD521BE8589B006A0E65 /* Debug */ = {
			isa = XCBuildConfiguration;
			buildSettings = {
				ASSETCATALOG_COMPILER_APPICON_NAME = AppIcon;
				FRAMEWORK_SEARCH_PATHS = (
					"$(inherited)",
					"$(PROJECT_DIR)/LZIOSPro_Moran",
				);
				INFOPLIST_FILE = "LZIOSPro_Moran/Supproting files/Info.plist";
				LD_RUNPATH_SEARCH_PATHS = "$(inherited) @executable_path/Frameworks";
				"OTHER_LDFLAGS[arch=*]" = (
					"-ObjC",
					"-lz",
					"-framework",
					Reveal,
				);
				PRODUCT_NAME = "$(TARGET_NAME)";
				PROVISIONING_PROFILE = "91ba068a-cc2a-4843-8480-b7404418afbd";
			};
			name = Debug;
		};
		CBD6FD531BE8589B006A0E65 /* Release */ = {
			isa = XCBuildConfiguration;
			buildSettings = {
				ASSETCATALOG_COMPILER_APPICON_NAME = AppIcon;
				FRAMEWORK_SEARCH_PATHS = (
					"$(inherited)",
					"$(PROJECT_DIR)/LZIOSPro_Moran",
				);
				INFOPLIST_FILE = "LZIOSPro_Moran/Supproting files/Info.plist";
				LD_RUNPATH_SEARCH_PATHS = "$(inherited) @executable_path/Frameworks";
				PRODUCT_NAME = "$(TARGET_NAME)";
				PROVISIONING_PROFILE = "91ba068a-cc2a-4843-8480-b7404418afbd";
			};
			name = Release;
		};
		CBD6FD551BE8589B006A0E65 /* Debug */ = {
			isa = XCBuildConfiguration;
			buildSettings = {
				BUNDLE_LOADER = "$(TEST_HOST)";
				FRAMEWORK_SEARCH_PATHS = (
					"$(SDKROOT)/Developer/Library/Frameworks",
					"$(inherited)",
				);
				GCC_PREPROCESSOR_DEFINITIONS = (
					"DEBUG=1",
					"$(inherited)",
				);
				INFOPLIST_FILE = LZIOSPro_MoranTests/Info.plist;
				LD_RUNPATH_SEARCH_PATHS = "$(inherited) @executable_path/Frameworks @loader_path/Frameworks";
				PRODUCT_NAME = "$(TARGET_NAME)";
				TEST_HOST = "$(BUILT_PRODUCTS_DIR)/LZIOSPro_Moran.app/LZIOSPro_Moran";
			};
			name = Debug;
		};
		CBD6FD561BE8589B006A0E65 /* Release */ = {
			isa = XCBuildConfiguration;
			buildSettings = {
				BUNDLE_LOADER = "$(TEST_HOST)";
				FRAMEWORK_SEARCH_PATHS = (
					"$(SDKROOT)/Developer/Library/Frameworks",
					"$(inherited)",
				);
				INFOPLIST_FILE = LZIOSPro_MoranTests/Info.plist;
				LD_RUNPATH_SEARCH_PATHS = "$(inherited) @executable_path/Frameworks @loader_path/Frameworks";
				PRODUCT_NAME = "$(TARGET_NAME)";
				TEST_HOST = "$(BUILT_PRODUCTS_DIR)/LZIOSPro_Moran.app/LZIOSPro_Moran";
			};
			name = Release;
		};
/* End XCBuildConfiguration section */

/* Begin XCConfigurationList section */
		CBD6FD291BE8589B006A0E65 /* Build configuration list for PBXProject "LZIOSPro_Moran" */ = {
			isa = XCConfigurationList;
			buildConfigurations = (
				CBD6FD4F1BE8589B006A0E65 /* Debug */,
				CBD6FD501BE8589B006A0E65 /* Release */,
			);
			defaultConfigurationIsVisible = 0;
			defaultConfigurationName = Release;
		};
		CBD6FD511BE8589B006A0E65 /* Build configuration list for PBXNativeTarget "LZIOSPro_Moran" */ = {
			isa = XCConfigurationList;
			buildConfigurations = (
				CBD6FD521BE8589B006A0E65 /* Debug */,
				CBD6FD531BE8589B006A0E65 /* Release */,
			);
			defaultConfigurationIsVisible = 0;
			defaultConfigurationName = Release;
		};
		CBD6FD541BE8589B006A0E65 /* Build configuration list for PBXNativeTarget "LZIOSPro_MoranTests" */ = {
			isa = XCConfigurationList;
			buildConfigurations = (
				CBD6FD551BE8589B006A0E65 /* Debug */,
				CBD6FD561BE8589B006A0E65 /* Release */,
			);
			defaultConfigurationIsVisible = 0;
			defaultConfigurationName = Release;
		};
/* End XCConfigurationList section */
	};
	rootObject = CBD6FD261BE8589B006A0E65 /* Project object */;
}
